// !$*UTF8*$!
{
	archiveVersion = 1;
	classes = {
	};
	objectVersion = 45;
	objects = {

/* Begin PBXBuildFile section */
		FA0594360F51F575002A2F65 /* openvg.h in Headers */ = {isa = PBXBuildFile; fileRef = FA0594320F51F575002A2F65 /* openvg.h */; };
		FA0594370F51F575002A2F65 /* vgext.h in Headers */ = {isa = PBXBuildFile; fileRef = FA0594330F51F575002A2F65 /* vgext.h */; };
		FA0594380F51F575002A2F65 /* vgplatform.h in Headers */ = {isa = PBXBuildFile; fileRef = FA0594340F51F575002A2F65 /* vgplatform.h */; };
		FA0594390F51F575002A2F65 /* vgu.h in Headers */ = {isa = PBXBuildFile; fileRef = FA0594350F51F575002A2F65 /* vgu.h */; };
		FA2D0243120CD4AF0042EEC6 /* mkBaseObject.cpp in Sources */ = {isa = PBXBuildFile; fileRef = FA2D0228120CD4AF0042EEC6 /* mkBaseObject.cpp */; };
		FA2D0244120CD4AF0042EEC6 /* mkBaseObject.h in Headers */ = {isa = PBXBuildFile; fileRef = FA2D0229120CD4AF0042EEC6 /* mkBaseObject.h */; };
		FA2D0245120CD4AF0042EEC6 /* mkCommon.h in Headers */ = {isa = PBXBuildFile; fileRef = FA2D022A120CD4AF0042EEC6 /* mkCommon.h */; };
		FA2D0246120CD4AF0042EEC6 /* mkContext.cpp in Sources */ = {isa = PBXBuildFile; fileRef = FA2D022B120CD4AF0042EEC6 /* mkContext.cpp */; };
		FA2D0247120CD4AF0042EEC6 /* mkContext.h in Headers */ = {isa = PBXBuildFile; fileRef = FA2D022C120CD4AF0042EEC6 /* mkContext.h */; };
		FA2D0248120CD4AF0042EEC6 /* mkMath.cpp in Sources */ = {isa = PBXBuildFile; fileRef = FA2D022D120CD4AF0042EEC6 /* mkMath.cpp */; };
		FA2D0249120CD4AF0042EEC6 /* mkMath.h in Headers */ = {isa = PBXBuildFile; fileRef = FA2D022E120CD4AF0042EEC6 /* mkMath.h */; };
		FA2D024A120CD4AF0042EEC6 /* mkPaint.cpp in Sources */ = {isa = PBXBuildFile; fileRef = FA2D022F120CD4AF0042EEC6 /* mkPaint.cpp */; };
		FA2D024B120CD4AF0042EEC6 /* mkPaint.h in Headers */ = {isa = PBXBuildFile; fileRef = FA2D0230120CD4AF0042EEC6 /* mkPaint.h */; };
		FA2D024C120CD4AF0042EEC6 /* mkParameter.cpp in Sources */ = {isa = PBXBuildFile; fileRef = FA2D0231120CD4AF0042EEC6 /* mkParameter.cpp */; };
		FA2D024D120CD4AF0042EEC6 /* mkPath.cpp in Sources */ = {isa = PBXBuildFile; fileRef = FA2D0232120CD4AF0042EEC6 /* mkPath.cpp */; };
		FA2D024E120CD4AF0042EEC6 /* mkPath.h in Headers */ = {isa = PBXBuildFile; fileRef = FA2D0233120CD4AF0042EEC6 /* mkPath.h */; };
		FA2D024F120CD4AF0042EEC6 /* mkVGU.cpp in Sources */ = {isa = PBXBuildFile; fileRef = FA2D0234120CD4AF0042EEC6 /* mkVGU.cpp */; };
		FA2D0251120CD4AF0042EEC6 /* glContext.h in Headers */ = {isa = PBXBuildFile; fileRef = FA2D0237120CD4AF0042EEC6 /* glContext.h */; };
		FA2D0253120CD4AF0042EEC6 /* glPaint.h in Headers */ = {isa = PBXBuildFile; fileRef = FA2D0239120CD4AF0042EEC6 /* glPaint.h */; };
		FA2D0255120CD4AF0042EEC6 /* glPath.h in Headers */ = {isa = PBXBuildFile; fileRef = FA2D023B120CD4AF0042EEC6 /* glPath.h */; };
		FA2D0256120CD4AF0042EEC6 /* qzContext.h in Headers */ = {isa = PBXBuildFile; fileRef = FA2D023D120CD4AF0042EEC6 /* qzContext.h */; };
		FA2D0257120CD4AF0042EEC6 /* qzContext.mm in Sources */ = {isa = PBXBuildFile; fileRef = FA2D023E120CD4AF0042EEC6 /* qzContext.mm */; };
		FA2D0258120CD4AF0042EEC6 /* qzPaint.cpp in Sources */ = {isa = PBXBuildFile; fileRef = FA2D023F120CD4AF0042EEC6 /* qzPaint.cpp */; };
		FA2D0259120CD4AF0042EEC6 /* qzPaint.h in Headers */ = {isa = PBXBuildFile; fileRef = FA2D0240120CD4AF0042EEC6 /* qzPaint.h */; };
		FA2D025A120CD4AF0042EEC6 /* qzPath.h in Headers */ = {isa = PBXBuildFile; fileRef = FA2D0241120CD4AF0042EEC6 /* qzPath.h */; };
		FA2D025B120CD4AF0042EEC6 /* qzPath.mm in Sources */ = {isa = PBXBuildFile; fileRef = FA2D0242120CD4AF0042EEC6 /* qzPath.mm */; };
		FA2D026C120CD5150042EEC6 /* openvg.h in Headers */ = {isa = PBXBuildFile; fileRef = FA0594320F51F575002A2F65 /* openvg.h */; };
		FA2D026D120CD5150042EEC6 /* vgext.h in Headers */ = {isa = PBXBuildFile; fileRef = FA0594330F51F575002A2F65 /* vgext.h */; };
		FA2D026E120CD5150042EEC6 /* vgplatform.h in Headers */ = {isa = PBXBuildFile; fileRef = FA0594340F51F575002A2F65 /* vgplatform.h */; };
		FA2D026F120CD5150042EEC6 /* vgu.h in Headers */ = {isa = PBXBuildFile; fileRef = FA0594350F51F575002A2F65 /* vgu.h */; };
		FA2D0270120CD5150042EEC6 /* mkBaseObject.h in Headers */ = {isa = PBXBuildFile; fileRef = FA2D0229120CD4AF0042EEC6 /* mkBaseObject.h */; };
		FA2D0271120CD5150042EEC6 /* mkCommon.h in Headers */ = {isa = PBXBuildFile; fileRef = FA2D022A120CD4AF0042EEC6 /* mkCommon.h */; };
		FA2D0272120CD5150042EEC6 /* mkContext.h in Headers */ = {isa = PBXBuildFile; fileRef = FA2D022C120CD4AF0042EEC6 /* mkContext.h */; };
		FA2D0273120CD5150042EEC6 /* mkMath.h in Headers */ = {isa = PBXBuildFile; fileRef = FA2D022E120CD4AF0042EEC6 /* mkMath.h */; };
		FA2D0274120CD5150042EEC6 /* mkPaint.h in Headers */ = {isa = PBXBuildFile; fileRef = FA2D0230120CD4AF0042EEC6 /* mkPaint.h */; };
		FA2D0275120CD5150042EEC6 /* mkPath.h in Headers */ = {isa = PBXBuildFile; fileRef = FA2D0233120CD4AF0042EEC6 /* mkPath.h */; };
		FA2D0276120CD5150042EEC6 /* glContext.h in Headers */ = {isa = PBXBuildFile; fileRef = FA2D0237120CD4AF0042EEC6 /* glContext.h */; };
		FA2D0277120CD5150042EEC6 /* glPaint.h in Headers */ = {isa = PBXBuildFile; fileRef = FA2D0239120CD4AF0042EEC6 /* glPaint.h */; };
		FA2D0278120CD5150042EEC6 /* glPath.h in Headers */ = {isa = PBXBuildFile; fileRef = FA2D023B120CD4AF0042EEC6 /* glPath.h */; };
		FA2D0279120CD5150042EEC6 /* qzContext.h in Headers */ = {isa = PBXBuildFile; fileRef = FA2D023D120CD4AF0042EEC6 /* qzContext.h */; };
		FA2D027A120CD5150042EEC6 /* qzPaint.h in Headers */ = {isa = PBXBuildFile; fileRef = FA2D0240120CD4AF0042EEC6 /* qzPaint.h */; };
		FA2D027B120CD5150042EEC6 /* qzPath.h in Headers */ = {isa = PBXBuildFile; fileRef = FA2D0241120CD4AF0042EEC6 /* qzPath.h */; };
		FA2D027D120CD5150042EEC6 /* mkBaseObject.cpp in Sources */ = {isa = PBXBuildFile; fileRef = FA2D0228120CD4AF0042EEC6 /* mkBaseObject.cpp */; };
		FA2D027E120CD5150042EEC6 /* mkContext.cpp in Sources */ = {isa = PBXBuildFile; fileRef = FA2D022B120CD4AF0042EEC6 /* mkContext.cpp */; };
		FA2D027F120CD5150042EEC6 /* mkMath.cpp in Sources */ = {isa = PBXBuildFile; fileRef = FA2D022D120CD4AF0042EEC6 /* mkMath.cpp */; };
		FA2D0280120CD5150042EEC6 /* mkPaint.cpp in Sources */ = {isa = PBXBuildFile; fileRef = FA2D022F120CD4AF0042EEC6 /* mkPaint.cpp */; };
		FA2D0281120CD5150042EEC6 /* mkParameter.cpp in Sources */ = {isa = PBXBuildFile; fileRef = FA2D0231120CD4AF0042EEC6 /* mkParameter.cpp */; };
		FA2D0282120CD5150042EEC6 /* mkPath.cpp in Sources */ = {isa = PBXBuildFile; fileRef = FA2D0232120CD4AF0042EEC6 /* mkPath.cpp */; };
		FA2D0283120CD5150042EEC6 /* mkVGU.cpp in Sources */ = {isa = PBXBuildFile; fileRef = FA2D0234120CD4AF0042EEC6 /* mkVGU.cpp */; };
		FA2D028E120CD57B0042EEC6 /* glContext.cpp in Sources */ = {isa = PBXBuildFile; fileRef = FA2D0236120CD4AF0042EEC6 /* glContext.cpp */; };
		FA2D028F120CD57B0042EEC6 /* glPaint.cpp in Sources */ = {isa = PBXBuildFile; fileRef = FA2D0238120CD4AF0042EEC6 /* glPaint.cpp */; };
		FA2D0290120CD57B0042EEC6 /* glPath.cpp in Sources */ = {isa = PBXBuildFile; fileRef = FA2D023A120CD4AF0042EEC6 /* glPath.cpp */; };
		FAB141F81213619B004DF07F /* glu.h in Headers */ = {isa = PBXBuildFile; fileRef = FAB141F01213619B004DF07F /* glu.h */; };
		FAB141F91213619B004DF07F /* gluos.h in Headers */ = {isa = PBXBuildFile; fileRef = FAB141F11213619B004DF07F /* gluos.h */; };
		FAB141FA1213619B004DF07F /* error.c in Sources */ = {isa = PBXBuildFile; fileRef = FAB141F31213619B004DF07F /* error.c */; };
		FAB141FB1213619B004DF07F /* glue.c in Sources */ = {isa = PBXBuildFile; fileRef = FAB141F41213619B004DF07F /* glue.c */; };
		FAB141FC1213619B004DF07F /* gluint.h in Headers */ = {isa = PBXBuildFile; fileRef = FAB141F51213619B004DF07F /* gluint.h */; };
		FAB141FD1213619B004DF07F /* project.c in Sources */ = {isa = PBXBuildFile; fileRef = FAB141F61213619B004DF07F /* project.c */; };
		FAB141FE1213619B004DF07F /* registry.c in Sources */ = {isa = PBXBuildFile; fileRef = FAB141F71213619B004DF07F /* registry.c */; };
		FAB1421A12136477004DF07F /* dict-list.h in Headers */ = {isa = PBXBuildFile; fileRef = FAB1420112136477004DF07F /* dict-list.h */; };
		FAB1421B12136477004DF07F /* dict.c in Sources */ = {isa = PBXBuildFile; fileRef = FAB1420212136477004DF07F /* dict.c */; };
		FAB1421C12136477004DF07F /* dict.h in Headers */ = {isa = PBXBuildFile; fileRef = FAB1420312136477004DF07F /* dict.h */; };
		FAB1421D12136477004DF07F /* geom.c in Sources */ = {isa = PBXBuildFile; fileRef = FAB1420412136477004DF07F /* geom.c */; };
		FAB1421E12136477004DF07F /* geom.h in Headers */ = {isa = PBXBuildFile; fileRef = FAB1420512136477004DF07F /* geom.h */; };
		FAB1421F12136477004DF07F /* memalloc.c in Sources */ = {isa = PBXBuildFile; fileRef = FAB1420612136477004DF07F /* memalloc.c */; };
		FAB1422012136477004DF07F /* memalloc.h in Headers */ = {isa = PBXBuildFile; fileRef = FAB1420712136477004DF07F /* memalloc.h */; };
		FAB1422112136477004DF07F /* mesh.c in Sources */ = {isa = PBXBuildFile; fileRef = FAB1420812136477004DF07F /* mesh.c */; };
		FAB1422212136477004DF07F /* mesh.h in Headers */ = {isa = PBXBuildFile; fileRef = FAB1420912136477004DF07F /* mesh.h */; };
		FAB1422312136477004DF07F /* normal.c in Sources */ = {isa = PBXBuildFile; fileRef = FAB1420A12136477004DF07F /* normal.c */; };
		FAB1422412136477004DF07F /* normal.h in Headers */ = {isa = PBXBuildFile; fileRef = FAB1420B12136477004DF07F /* normal.h */; };
		FAB1422512136477004DF07F /* priorityq-heap.c in Sources */ = {isa = PBXBuildFile; fileRef = FAB1420C12136477004DF07F /* priorityq-heap.c */; };
		FAB1422612136477004DF07F /* priorityq-heap.h in Headers */ = {isa = PBXBuildFile; fileRef = FAB1420D12136477004DF07F /* priorityq-heap.h */; };
		FAB1422712136477004DF07F /* priorityq-sort.h in Headers */ = {isa = PBXBuildFile; fileRef = FAB1420E12136477004DF07F /* priorityq-sort.h */; };
		FAB1422812136477004DF07F /* priorityq.c in Sources */ = {isa = PBXBuildFile; fileRef = FAB1420F12136477004DF07F /* priorityq.c */; };
		FAB1422912136477004DF07F /* priorityq.h in Headers */ = {isa = PBXBuildFile; fileRef = FAB1421012136477004DF07F /* priorityq.h */; };
		FAB1422A12136477004DF07F /* render.c in Sources */ = {isa = PBXBuildFile; fileRef = FAB1421212136477004DF07F /* render.c */; };
		FAB1422B12136477004DF07F /* render.h in Headers */ = {isa = PBXBuildFile; fileRef = FAB1421312136477004DF07F /* render.h */; };
		FAB1422C12136477004DF07F /* sweep.c in Sources */ = {isa = PBXBuildFile; fileRef = FAB1421412136477004DF07F /* sweep.c */; };
		FAB1422D12136477004DF07F /* sweep.h in Headers */ = {isa = PBXBuildFile; fileRef = FAB1421512136477004DF07F /* sweep.h */; };
		FAB1422E12136477004DF07F /* tess.c in Sources */ = {isa = PBXBuildFile; fileRef = FAB1421612136477004DF07F /* tess.c */; };
		FAB1422F12136477004DF07F /* tess.h in Headers */ = {isa = PBXBuildFile; fileRef = FAB1421712136477004DF07F /* tess.h */; };
		FAB1423012136477004DF07F /* tessmono.c in Sources */ = {isa = PBXBuildFile; fileRef = FAB1421812136477004DF07F /* tessmono.c */; };
		FAB1423112136477004DF07F /* tessmono.h in Headers */ = {isa = PBXBuildFile; fileRef = FAB1421912136477004DF07F /* tessmono.h */; };
/* End PBXBuildFile section */

/* Begin PBXFileReference section */
		D2AAC046055464E500DB518D /* libMonkVG-XCode.a */ = {isa = PBXFileReference; explicitFileType = archive.ar; includeInIndex = 0; path = "libMonkVG-XCode.a"; sourceTree = BUILT_PRODUCTS_DIR; };
		FA0594320F51F575002A2F65 /* openvg.h */ = {isa = PBXFileReference; fileEncoding = 4; lastKnownFileType = sourcecode.c.h; name = openvg.h; path = ../../include/VG/openvg.h; sourceTree = SOURCE_ROOT; };
		FA0594330F51F575002A2F65 /* vgext.h */ = {isa = PBXFileReference; fileEncoding = 4; lastKnownFileType = sourcecode.c.h; name = vgext.h; path = ../../include/VG/vgext.h; sourceTree = SOURCE_ROOT; };
		FA0594340F51F575002A2F65 /* vgplatform.h */ = {isa = PBXFileReference; fileEncoding = 4; lastKnownFileType = sourcecode.c.h; name = vgplatform.h; path = ../../include/VG/vgplatform.h; sourceTree = SOURCE_ROOT; };
		FA0594350F51F575002A2F65 /* vgu.h */ = {isa = PBXFileReference; fileEncoding = 4; lastKnownFileType = sourcecode.c.h; name = vgu.h; path = ../../include/VG/vgu.h; sourceTree = SOURCE_ROOT; };
		FA2D0228120CD4AF0042EEC6 /* mkBaseObject.cpp */ = {isa = PBXFileReference; fileEncoding = 4; lastKnownFileType = sourcecode.cpp.cpp; name = mkBaseObject.cpp; path = ../../src/mkBaseObject.cpp; sourceTree = SOURCE_ROOT; };
		FA2D0229120CD4AF0042EEC6 /* mkBaseObject.h */ = {isa = PBXFileReference; fileEncoding = 4; lastKnownFileType = sourcecode.c.h; name = mkBaseObject.h; path = ../../src/mkBaseObject.h; sourceTree = SOURCE_ROOT; };
		FA2D022A120CD4AF0042EEC6 /* mkCommon.h */ = {isa = PBXFileReference; fileEncoding = 4; lastKnownFileType = sourcecode.c.h; name = mkCommon.h; path = ../../src/mkCommon.h; sourceTree = SOURCE_ROOT; };
		FA2D022B120CD4AF0042EEC6 /* mkContext.cpp */ = {isa = PBXFileReference; fileEncoding = 4; lastKnownFileType = sourcecode.cpp.cpp; name = mkContext.cpp; path = ../../src/mkContext.cpp; sourceTree = SOURCE_ROOT; };
		FA2D022C120CD4AF0042EEC6 /* mkContext.h */ = {isa = PBXFileReference; fileEncoding = 4; lastKnownFileType = sourcecode.c.h; name = mkContext.h; path = ../../src/mkContext.h; sourceTree = SOURCE_ROOT; };
		FA2D022D120CD4AF0042EEC6 /* mkMath.cpp */ = {isa = PBXFileReference; fileEncoding = 4; lastKnownFileType = sourcecode.cpp.cpp; name = mkMath.cpp; path = ../../src/mkMath.cpp; sourceTree = SOURCE_ROOT; };
		FA2D022E120CD4AF0042EEC6 /* mkMath.h */ = {isa = PBXFileReference; fileEncoding = 4; lastKnownFileType = sourcecode.c.h; name = mkMath.h; path = ../../src/mkMath.h; sourceTree = SOURCE_ROOT; };
		FA2D022F120CD4AF0042EEC6 /* mkPaint.cpp */ = {isa = PBXFileReference; fileEncoding = 4; lastKnownFileType = sourcecode.cpp.cpp; name = mkPaint.cpp; path = ../../src/mkPaint.cpp; sourceTree = SOURCE_ROOT; };
		FA2D0230120CD4AF0042EEC6 /* mkPaint.h */ = {isa = PBXFileReference; fileEncoding = 4; lastKnownFileType = sourcecode.c.h; name = mkPaint.h; path = ../../src/mkPaint.h; sourceTree = SOURCE_ROOT; };
		FA2D0231120CD4AF0042EEC6 /* mkParameter.cpp */ = {isa = PBXFileReference; fileEncoding = 4; lastKnownFileType = sourcecode.cpp.cpp; name = mkParameter.cpp; path = ../../src/mkParameter.cpp; sourceTree = SOURCE_ROOT; };
		FA2D0232120CD4AF0042EEC6 /* mkPath.cpp */ = {isa = PBXFileReference; fileEncoding = 4; lastKnownFileType = sourcecode.cpp.cpp; name = mkPath.cpp; path = ../../src/mkPath.cpp; sourceTree = SOURCE_ROOT; };
		FA2D0233120CD4AF0042EEC6 /* mkPath.h */ = {isa = PBXFileReference; fileEncoding = 4; lastKnownFileType = sourcecode.c.h; name = mkPath.h; path = ../../src/mkPath.h; sourceTree = SOURCE_ROOT; };
		FA2D0234120CD4AF0042EEC6 /* mkVGU.cpp */ = {isa = PBXFileReference; fileEncoding = 4; lastKnownFileType = sourcecode.cpp.cpp; name = mkVGU.cpp; path = ../../src/mkVGU.cpp; sourceTree = SOURCE_ROOT; };
		FA2D0236120CD4AF0042EEC6 /* glContext.cpp */ = {isa = PBXFileReference; fileEncoding = 4; lastKnownFileType = sourcecode.cpp.cpp; path = glContext.cpp; sourceTree = "<group>"; };
		FA2D0237120CD4AF0042EEC6 /* glContext.h */ = {isa = PBXFileReference; fileEncoding = 4; lastKnownFileType = sourcecode.c.h; path = glContext.h; sourceTree = "<group>"; };
		FA2D0238120CD4AF0042EEC6 /* glPaint.cpp */ = {isa = PBXFileReference; fileEncoding = 4; lastKnownFileType = sourcecode.cpp.cpp; path = glPaint.cpp; sourceTree = "<group>"; };
		FA2D0239120CD4AF0042EEC6 /* glPaint.h */ = {isa = PBXFileReference; fileEncoding = 4; lastKnownFileType = sourcecode.c.h; path = glPaint.h; sourceTree = "<group>"; };
		FA2D023A120CD4AF0042EEC6 /* glPath.cpp */ = {isa = PBXFileReference; fileEncoding = 4; lastKnownFileType = sourcecode.cpp.cpp; path = glPath.cpp; sourceTree = "<group>"; };
		FA2D023B120CD4AF0042EEC6 /* glPath.h */ = {isa = PBXFileReference; fileEncoding = 4; lastKnownFileType = sourcecode.c.h; path = glPath.h; sourceTree = "<group>"; };
		FA2D023D120CD4AF0042EEC6 /* qzContext.h */ = {isa = PBXFileReference; fileEncoding = 4; lastKnownFileType = sourcecode.c.h; path = qzContext.h; sourceTree = "<group>"; };
		FA2D023E120CD4AF0042EEC6 /* qzContext.mm */ = {isa = PBXFileReference; fileEncoding = 4; lastKnownFileType = sourcecode.cpp.objcpp; path = qzContext.mm; sourceTree = "<group>"; };
		FA2D023F120CD4AF0042EEC6 /* qzPaint.cpp */ = {isa = PBXFileReference; fileEncoding = 4; lastKnownFileType = sourcecode.cpp.cpp; path = qzPaint.cpp; sourceTree = "<group>"; };
		FA2D0240120CD4AF0042EEC6 /* qzPaint.h */ = {isa = PBXFileReference; fileEncoding = 4; lastKnownFileType = sourcecode.c.h; path = qzPaint.h; sourceTree = "<group>"; };
		FA2D0241120CD4AF0042EEC6 /* qzPath.h */ = {isa = PBXFileReference; fileEncoding = 4; lastKnownFileType = sourcecode.c.h; path = qzPath.h; sourceTree = "<group>"; };
		FA2D0242120CD4AF0042EEC6 /* qzPath.mm */ = {isa = PBXFileReference; fileEncoding = 4; lastKnownFileType = sourcecode.cpp.objcpp; path = qzPath.mm; sourceTree = "<group>"; };
		FA2D028B120CD5150042EEC6 /* libMonkVG-iOS-OpenGL.a */ = {isa = PBXFileReference; explicitFileType = archive.ar; includeInIndex = 0; path = "libMonkVG-iOS-OpenGL.a"; sourceTree = BUILT_PRODUCTS_DIR; };
		FAB141F01213619B004DF07F /* glu.h */ = {isa = PBXFileReference; fileEncoding = 4; lastKnownFileType = sourcecode.c.h; path = glu.h; sourceTree = "<group>"; };
		FAB141F11213619B004DF07F /* gluos.h */ = {isa = PBXFileReference; fileEncoding = 4; lastKnownFileType = sourcecode.c.h; path = gluos.h; sourceTree = "<group>"; };
		FAB141F31213619B004DF07F /* error.c */ = {isa = PBXFileReference; fileEncoding = 4; lastKnownFileType = sourcecode.c.c; path = error.c; sourceTree = "<group>"; };
		FAB141F41213619B004DF07F /* glue.c */ = {isa = PBXFileReference; fileEncoding = 4; lastKnownFileType = sourcecode.c.c; path = glue.c; sourceTree = "<group>"; };
		FAB141F51213619B004DF07F /* gluint.h */ = {isa = PBXFileReference; fileEncoding = 4; lastKnownFileType = sourcecode.c.h; path = gluint.h; sourceTree = "<group>"; };
		FAB141F61213619B004DF07F /* project.c */ = {isa = PBXFileReference; fileEncoding = 4; lastKnownFileType = sourcecode.c.c; path = project.c; sourceTree = "<group>"; };
		FAB141F71213619B004DF07F /* registry.c */ = {isa = PBXFileReference; fileEncoding = 4; lastKnownFileType = sourcecode.c.c; path = registry.c; sourceTree = "<group>"; };
		FAB1420012136477004DF07F /* alg-outline */ = {isa = PBXFileReference; fileEncoding = 4; lastKnownFileType = text; path = "alg-outline"; sourceTree = "<group>"; };
		FAB1420112136477004DF07F /* dict-list.h */ = {isa = PBXFileReference; fileEncoding = 4; lastKnownFileType = sourcecode.c.h; path = "dict-list.h"; sourceTree = "<group>"; };
		FAB1420212136477004DF07F /* dict.c */ = {isa = PBXFileReference; fileEncoding = 4; lastKnownFileType = sourcecode.c.c; path = dict.c; sourceTree = "<group>"; };
		FAB1420312136477004DF07F /* dict.h */ = {isa = PBXFileReference; fileEncoding = 4; lastKnownFileType = sourcecode.c.h; path = dict.h; sourceTree = "<group>"; };
		FAB1420412136477004DF07F /* geom.c */ = {isa = PBXFileReference; fileEncoding = 4; lastKnownFileType = sourcecode.c.c; path = geom.c; sourceTree = "<group>"; };
		FAB1420512136477004DF07F /* geom.h */ = {isa = PBXFileReference; fileEncoding = 4; lastKnownFileType = sourcecode.c.h; path = geom.h; sourceTree = "<group>"; };
		FAB1420612136477004DF07F /* memalloc.c */ = {isa = PBXFileReference; fileEncoding = 4; lastKnownFileType = sourcecode.c.c; path = memalloc.c; sourceTree = "<group>"; };
		FAB1420712136477004DF07F /* memalloc.h */ = {isa = PBXFileReference; fileEncoding = 4; lastKnownFileType = sourcecode.c.h; path = memalloc.h; sourceTree = "<group>"; };
		FAB1420812136477004DF07F /* mesh.c */ = {isa = PBXFileReference; fileEncoding = 4; lastKnownFileType = sourcecode.c.c; path = mesh.c; sourceTree = "<group>"; };
		FAB1420912136477004DF07F /* mesh.h */ = {isa = PBXFileReference; fileEncoding = 4; lastKnownFileType = sourcecode.c.h; path = mesh.h; sourceTree = "<group>"; };
		FAB1420A12136477004DF07F /* normal.c */ = {isa = PBXFileReference; fileEncoding = 4; lastKnownFileType = sourcecode.c.c; path = normal.c; sourceTree = "<group>"; };
		FAB1420B12136477004DF07F /* normal.h */ = {isa = PBXFileReference; fileEncoding = 4; lastKnownFileType = sourcecode.c.h; path = normal.h; sourceTree = "<group>"; };
		FAB1420C12136477004DF07F /* priorityq-heap.c */ = {isa = PBXFileReference; fileEncoding = 4; lastKnownFileType = sourcecode.c.c; path = "priorityq-heap.c"; sourceTree = "<group>"; };
		FAB1420D12136477004DF07F /* priorityq-heap.h */ = {isa = PBXFileReference; fileEncoding = 4; lastKnownFileType = sourcecode.c.h; path = "priorityq-heap.h"; sourceTree = "<group>"; };
		FAB1420E12136477004DF07F /* priorityq-sort.h */ = {isa = PBXFileReference; fileEncoding = 4; lastKnownFileType = sourcecode.c.h; path = "priorityq-sort.h"; sourceTree = "<group>"; };
		FAB1420F12136477004DF07F /* priorityq.c */ = {isa = PBXFileReference; fileEncoding = 4; lastKnownFileType = sourcecode.c.c; path = priorityq.c; sourceTree = "<group>"; };
		FAB1421012136477004DF07F /* priorityq.h */ = {isa = PBXFileReference; fileEncoding = 4; lastKnownFileType = sourcecode.c.h; path = priorityq.h; sourceTree = "<group>"; };
		FAB1421112136477004DF07F /* README */ = {isa = PBXFileReference; fileEncoding = 4; lastKnownFileType = text; path = README; sourceTree = "<group>"; };
		FAB1421212136477004DF07F /* render.c */ = {isa = PBXFileReference; fileEncoding = 4; lastKnownFileType = sourcecode.c.c; path = render.c; sourceTree = "<group>"; };
		FAB1421312136477004DF07F /* render.h */ = {isa = PBXFileReference; fileEncoding = 4; lastKnownFileType = sourcecode.c.h; path = render.h; sourceTree = "<group>"; };
		FAB1421412136477004DF07F /* sweep.c */ = {isa = PBXFileReference; fileEncoding = 4; lastKnownFileType = sourcecode.c.c; path = sweep.c; sourceTree = "<group>"; };
		FAB1421512136477004DF07F /* sweep.h */ = {isa = PBXFileReference; fileEncoding = 4; lastKnownFileType = sourcecode.c.h; path = sweep.h; sourceTree = "<group>"; };
		FAB1421612136477004DF07F /* tess.c */ = {isa = PBXFileReference; fileEncoding = 4; lastKnownFileType = sourcecode.c.c; path = tess.c; sourceTree = "<group>"; };
		FAB1421712136477004DF07F /* tess.h */ = {isa = PBXFileReference; fileEncoding = 4; lastKnownFileType = sourcecode.c.h; path = tess.h; sourceTree = "<group>"; };
		FAB1421812136477004DF07F /* tessmono.c */ = {isa = PBXFileReference; fileEncoding = 4; lastKnownFileType = sourcecode.c.c; path = tessmono.c; sourceTree = "<group>"; };
		FAB1421912136477004DF07F /* tessmono.h */ = {isa = PBXFileReference; fileEncoding = 4; lastKnownFileType = sourcecode.c.h; path = tessmono.h; sourceTree = "<group>"; };
/* End PBXFileReference section */

/* Begin PBXFrameworksBuildPhase section */
		D289987405E68DCB004EDB86 /* Frameworks */ = {
			isa = PBXFrameworksBuildPhase;
			buildActionMask = 2147483647;
			files = (
			);
			runOnlyForDeploymentPostprocessing = 0;
		};
		FA2D0287120CD5150042EEC6 /* Frameworks */ = {
			isa = PBXFrameworksBuildPhase;
			buildActionMask = 2147483647;
			files = (
			);
			runOnlyForDeploymentPostprocessing = 0;
		};
/* End PBXFrameworksBuildPhase section */

/* Begin PBXGroup section */
		08FB7794FE84155DC02AAC07 /* MonkVG-XCode */ = {
			isa = PBXGroup;
			children = (
				FA0594300F51F542002A2F65 /* include */,
				08FB7795FE84155DC02AAC07 /* Source */,
				C6A0FF2B0290797F04C91782 /* Documentation */,
				1AB674ADFE9D54B511CA2CBB /* Products */,
			);
			name = "MonkVG-XCode";
			sourceTree = "<group>";
		};
		08FB7795FE84155DC02AAC07 /* Source */ = {
			isa = PBXGroup;
			children = (
				FA2D0228120CD4AF0042EEC6 /* mkBaseObject.cpp */,
				FA2D0229120CD4AF0042EEC6 /* mkBaseObject.h */,
				FA2D022A120CD4AF0042EEC6 /* mkCommon.h */,
				FA2D022B120CD4AF0042EEC6 /* mkContext.cpp */,
				FA2D022C120CD4AF0042EEC6 /* mkContext.h */,
				FA2D022D120CD4AF0042EEC6 /* mkMath.cpp */,
				FA2D022E120CD4AF0042EEC6 /* mkMath.h */,
				FA2D022F120CD4AF0042EEC6 /* mkPaint.cpp */,
				FA2D0230120CD4AF0042EEC6 /* mkPaint.h */,
				FA2D0231120CD4AF0042EEC6 /* mkParameter.cpp */,
				FA2D0232120CD4AF0042EEC6 /* mkPath.cpp */,
				FA2D0233120CD4AF0042EEC6 /* mkPath.h */,
				FA2D0234120CD4AF0042EEC6 /* mkVGU.cpp */,
				FA2D0235120CD4AF0042EEC6 /* opengl */,
				FA2D023C120CD4AF0042EEC6 /* Quartz */,
			);
			name = Source;
			sourceTree = "<group>";
		};
		1AB674ADFE9D54B511CA2CBB /* Products */ = {
			isa = PBXGroup;
			children = (
				D2AAC046055464E500DB518D /* libMonkVG-XCode.a */,
				FA2D028B120CD5150042EEC6 /* libMonkVG-iOS-OpenGL.a */,
			);
			name = Products;
			sourceTree = "<group>";
		};
		C6A0FF2B0290797F04C91782 /* Documentation */ = {
			isa = PBXGroup;
			children = (
			);
			name = Documentation;
			sourceTree = "<group>";
		};
		FA0594300F51F542002A2F65 /* include */ = {
			isa = PBXGroup;
			children = (
				FA0594310F51F54B002A2F65 /* VG */,
			);
			name = include;
			sourceTree = "<group>";
		};
		FA0594310F51F54B002A2F65 /* VG */ = {
			isa = PBXGroup;
			children = (
				FA0594320F51F575002A2F65 /* openvg.h */,
				FA0594330F51F575002A2F65 /* vgext.h */,
				FA0594340F51F575002A2F65 /* vgplatform.h */,
				FA0594350F51F575002A2F65 /* vgu.h */,
			);
			name = VG;
			sourceTree = "<group>";
		};
		FA2D0235120CD4AF0042EEC6 /* opengl */ = {
			isa = PBXGroup;
			children = (
				FAB141EE1213619B004DF07F /* glu */,
				FA2D0236120CD4AF0042EEC6 /* glContext.cpp */,
				FA2D0237120CD4AF0042EEC6 /* glContext.h */,
				FA2D0238120CD4AF0042EEC6 /* glPaint.cpp */,
				FA2D0239120CD4AF0042EEC6 /* glPaint.h */,
				FA2D023A120CD4AF0042EEC6 /* glPath.cpp */,
				FA2D023B120CD4AF0042EEC6 /* glPath.h */,
			);
			name = opengl;
			path = ../../src/opengl;
			sourceTree = SOURCE_ROOT;
		};
		FA2D023C120CD4AF0042EEC6 /* Quartz */ = {
			isa = PBXGroup;
			children = (
				FA2D023D120CD4AF0042EEC6 /* qzContext.h */,
				FA2D023E120CD4AF0042EEC6 /* qzContext.mm */,
				FA2D023F120CD4AF0042EEC6 /* qzPaint.cpp */,
				FA2D0240120CD4AF0042EEC6 /* qzPaint.h */,
				FA2D0241120CD4AF0042EEC6 /* qzPath.h */,
				FA2D0242120CD4AF0042EEC6 /* qzPath.mm */,
			);
			name = Quartz;
			path = ../../src/Quartz;
			sourceTree = SOURCE_ROOT;
		};
		FAB141EE1213619B004DF07F /* glu */ = {
			isa = PBXGroup;
			children = (
				FAB141EF1213619B004DF07F /* include */,
				FAB141FF12136477004DF07F /* libtess */,
				FAB141F21213619B004DF07F /* libutil */,
			);
			name = glu;
			path = ../../glu;
			sourceTree = SOURCE_ROOT;
		};
		FAB141EF1213619B004DF07F /* include */ = {
			isa = PBXGroup;
			children = (
				FAB141F01213619B004DF07F /* glu.h */,
				FAB141F11213619B004DF07F /* gluos.h */,
			);
			path = include;
			sourceTree = "<group>";
		};
		FAB141F21213619B004DF07F /* libutil */ = {
			isa = PBXGroup;
			children = (
				FAB141F31213619B004DF07F /* error.c */,
				FAB141F41213619B004DF07F /* glue.c */,
				FAB141F51213619B004DF07F /* gluint.h */,
				FAB141F61213619B004DF07F /* project.c */,
				FAB141F71213619B004DF07F /* registry.c */,
			);
			path = libutil;
			sourceTree = "<group>";
		};
		FAB141FF12136477004DF07F /* libtess */ = {
			isa = PBXGroup;
			children = (
				FAB1420012136477004DF07F /* alg-outline */,
				FAB1420112136477004DF07F /* dict-list.h */,
				FAB1420212136477004DF07F /* dict.c */,
				FAB1420312136477004DF07F /* dict.h */,
				FAB1420412136477004DF07F /* geom.c */,
				FAB1420512136477004DF07F /* geom.h */,
				FAB1420612136477004DF07F /* memalloc.c */,
				FAB1420712136477004DF07F /* memalloc.h */,
				FAB1420812136477004DF07F /* mesh.c */,
				FAB1420912136477004DF07F /* mesh.h */,
				FAB1420A12136477004DF07F /* normal.c */,
				FAB1420B12136477004DF07F /* normal.h */,
				FAB1420C12136477004DF07F /* priorityq-heap.c */,
				FAB1420D12136477004DF07F /* priorityq-heap.h */,
				FAB1420E12136477004DF07F /* priorityq-sort.h */,
				FAB1420F12136477004DF07F /* priorityq.c */,
				FAB1421012136477004DF07F /* priorityq.h */,
				FAB1421112136477004DF07F /* README */,
				FAB1421212136477004DF07F /* render.c */,
				FAB1421312136477004DF07F /* render.h */,
				FAB1421412136477004DF07F /* sweep.c */,
				FAB1421512136477004DF07F /* sweep.h */,
				FAB1421612136477004DF07F /* tess.c */,
				FAB1421712136477004DF07F /* tess.h */,
				FAB1421812136477004DF07F /* tessmono.c */,
				FAB1421912136477004DF07F /* tessmono.h */,
			);
			path = libtess;
			sourceTree = "<group>";
		};
/* End PBXGroup section */

/* Begin PBXHeadersBuildPhase section */
		D2AAC043055464E500DB518D /* Headers */ = {
			isa = PBXHeadersBuildPhase;
			buildActionMask = 2147483647;
			files = (
				FA0594360F51F575002A2F65 /* openvg.h in Headers */,
				FA0594370F51F575002A2F65 /* vgext.h in Headers */,
				FA0594380F51F575002A2F65 /* vgplatform.h in Headers */,
				FA0594390F51F575002A2F65 /* vgu.h in Headers */,
				FA2D0244120CD4AF0042EEC6 /* mkBaseObject.h in Headers */,
				FA2D0245120CD4AF0042EEC6 /* mkCommon.h in Headers */,
				FA2D0247120CD4AF0042EEC6 /* mkContext.h in Headers */,
				FA2D0249120CD4AF0042EEC6 /* mkMath.h in Headers */,
				FA2D024B120CD4AF0042EEC6 /* mkPaint.h in Headers */,
				FA2D024E120CD4AF0042EEC6 /* mkPath.h in Headers */,
				FA2D0251120CD4AF0042EEC6 /* glContext.h in Headers */,
				FA2D0253120CD4AF0042EEC6 /* glPaint.h in Headers */,
				FA2D0255120CD4AF0042EEC6 /* glPath.h in Headers */,
				FA2D0256120CD4AF0042EEC6 /* qzContext.h in Headers */,
				FA2D0259120CD4AF0042EEC6 /* qzPaint.h in Headers */,
				FA2D025A120CD4AF0042EEC6 /* qzPath.h in Headers */,
			);
			runOnlyForDeploymentPostprocessing = 0;
		};
		FA2D026B120CD5150042EEC6 /* Headers */ = {
			isa = PBXHeadersBuildPhase;
			buildActionMask = 2147483647;
			files = (
				FA2D026C120CD5150042EEC6 /* openvg.h in Headers */,
				FA2D026D120CD5150042EEC6 /* vgext.h in Headers */,
				FA2D026E120CD5150042EEC6 /* vgplatform.h in Headers */,
				FA2D026F120CD5150042EEC6 /* vgu.h in Headers */,
				FA2D0270120CD5150042EEC6 /* mkBaseObject.h in Headers */,
				FA2D0271120CD5150042EEC6 /* mkCommon.h in Headers */,
				FA2D0272120CD5150042EEC6 /* mkContext.h in Headers */,
				FA2D0273120CD5150042EEC6 /* mkMath.h in Headers */,
				FA2D0274120CD5150042EEC6 /* mkPaint.h in Headers */,
				FA2D0275120CD5150042EEC6 /* mkPath.h in Headers */,
				FA2D0276120CD5150042EEC6 /* glContext.h in Headers */,
				FA2D0277120CD5150042EEC6 /* glPaint.h in Headers */,
				FA2D0278120CD5150042EEC6 /* glPath.h in Headers */,
				FA2D0279120CD5150042EEC6 /* qzContext.h in Headers */,
				FA2D027A120CD5150042EEC6 /* qzPaint.h in Headers */,
				FA2D027B120CD5150042EEC6 /* qzPath.h in Headers */,
				FAB141F81213619B004DF07F /* glu.h in Headers */,
				FAB141F91213619B004DF07F /* gluos.h in Headers */,
				FAB141FC1213619B004DF07F /* gluint.h in Headers */,
				FAB1421A12136477004DF07F /* dict-list.h in Headers */,
				FAB1421C12136477004DF07F /* dict.h in Headers */,
				FAB1421E12136477004DF07F /* geom.h in Headers */,
				FAB1422012136477004DF07F /* memalloc.h in Headers */,
				FAB1422212136477004DF07F /* mesh.h in Headers */,
				FAB1422412136477004DF07F /* normal.h in Headers */,
				FAB1422612136477004DF07F /* priorityq-heap.h in Headers */,
				FAB1422712136477004DF07F /* priorityq-sort.h in Headers */,
				FAB1422912136477004DF07F /* priorityq.h in Headers */,
				FAB1422B12136477004DF07F /* render.h in Headers */,
				FAB1422D12136477004DF07F /* sweep.h in Headers */,
				FAB1422F12136477004DF07F /* tess.h in Headers */,
				FAB1423112136477004DF07F /* tessmono.h in Headers */,
			);
			runOnlyForDeploymentPostprocessing = 0;
		};
/* End PBXHeadersBuildPhase section */

/* Begin PBXNativeTarget section */
		D2AAC045055464E500DB518D /* MonkVG-Quartz-iOS */ = {
			isa = PBXNativeTarget;
			buildConfigurationList = 1DEB91EB08733DB70010E9CD /* Build configuration list for PBXNativeTarget "MonkVG-Quartz-iOS" */;
			buildPhases = (
				D2AAC043055464E500DB518D /* Headers */,
				D2AAC044055464E500DB518D /* Sources */,
				D289987405E68DCB004EDB86 /* Frameworks */,
			);
			buildRules = (
			);
			dependencies = (
			);
			name = "MonkVG-Quartz-iOS";
			productName = "MonkVG-XCode";
			productReference = D2AAC046055464E500DB518D /* libMonkVG-XCode.a */;
			productType = "com.apple.product-type.library.static";
		};
		FA2D026A120CD5150042EEC6 /* MonkVG-OpenGL-iOS */ = {
			isa = PBXNativeTarget;
			buildConfigurationList = FA2D0288120CD5150042EEC6 /* Build configuration list for PBXNativeTarget "MonkVG-OpenGL-iOS" */;
			buildPhases = (
				FA2D026B120CD5150042EEC6 /* Headers */,
				FA2D027C120CD5150042EEC6 /* Sources */,
				FA2D0287120CD5150042EEC6 /* Frameworks */,
			);
			buildRules = (
			);
			dependencies = (
			);
			name = "MonkVG-OpenGL-iOS";
			productName = "MonkVG-XCode";
			productReference = FA2D028B120CD5150042EEC6 /* libMonkVG-iOS-OpenGL.a */;
			productType = "com.apple.product-type.library.static";
		};
/* End PBXNativeTarget section */

/* Begin PBXProject section */
		08FB7793FE84155DC02AAC07 /* Project object */ = {
			isa = PBXProject;
			buildConfigurationList = 1DEB91EF08733DB70010E9CD /* Build configuration list for PBXProject "MonkVG-XCode" */;
			compatibilityVersion = "Xcode 3.1";
			hasScannedForEncodings = 1;
			mainGroup = 08FB7794FE84155DC02AAC07 /* MonkVG-XCode */;
			projectDirPath = "";
			projectRoot = "";
			targets = (
				D2AAC045055464E500DB518D /* MonkVG-Quartz-iOS */,
				FA2D026A120CD5150042EEC6 /* MonkVG-OpenGL-iOS */,
			);
		};
/* End PBXProject section */

/* Begin PBXSourcesBuildPhase section */
		D2AAC044055464E500DB518D /* Sources */ = {
			isa = PBXSourcesBuildPhase;
			buildActionMask = 2147483647;
			files = (
				FA2D0243120CD4AF0042EEC6 /* mkBaseObject.cpp in Sources */,
				FA2D0246120CD4AF0042EEC6 /* mkContext.cpp in Sources */,
				FA2D0248120CD4AF0042EEC6 /* mkMath.cpp in Sources */,
				FA2D024A120CD4AF0042EEC6 /* mkPaint.cpp in Sources */,
				FA2D024C120CD4AF0042EEC6 /* mkParameter.cpp in Sources */,
				FA2D024D120CD4AF0042EEC6 /* mkPath.cpp in Sources */,
				FA2D024F120CD4AF0042EEC6 /* mkVGU.cpp in Sources */,
				FA2D0257120CD4AF0042EEC6 /* qzContext.mm in Sources */,
				FA2D0258120CD4AF0042EEC6 /* qzPaint.cpp in Sources */,
				FA2D025B120CD4AF0042EEC6 /* qzPath.mm in Sources */,
			);
			runOnlyForDeploymentPostprocessing = 0;
		};
		FA2D027C120CD5150042EEC6 /* Sources */ = {
			isa = PBXSourcesBuildPhase;
			buildActionMask = 2147483647;
			files = (
				FA2D028E120CD57B0042EEC6 /* glContext.cpp in Sources */,
				FA2D028F120CD57B0042EEC6 /* glPaint.cpp in Sources */,
				FA2D0290120CD57B0042EEC6 /* glPath.cpp in Sources */,
				FA2D027D120CD5150042EEC6 /* mkBaseObject.cpp in Sources */,
				FA2D027E120CD5150042EEC6 /* mkContext.cpp in Sources */,
				FA2D027F120CD5150042EEC6 /* mkMath.cpp in Sources */,
				FA2D0280120CD5150042EEC6 /* mkPaint.cpp in Sources */,
				FA2D0281120CD5150042EEC6 /* mkParameter.cpp in Sources */,
				FA2D0282120CD5150042EEC6 /* mkPath.cpp in Sources */,
				FA2D0283120CD5150042EEC6 /* mkVGU.cpp in Sources */,
				FAB141FA1213619B004DF07F /* error.c in Sources */,
				FAB141FB1213619B004DF07F /* glue.c in Sources */,
				FAB141FD1213619B004DF07F /* project.c in Sources */,
				FAB141FE1213619B004DF07F /* registry.c in Sources */,
				FAB1421B12136477004DF07F /* dict.c in Sources */,
				FAB1421D12136477004DF07F /* geom.c in Sources */,
				FAB1421F12136477004DF07F /* memalloc.c in Sources */,
				FAB1422112136477004DF07F /* mesh.c in Sources */,
				FAB1422312136477004DF07F /* normal.c in Sources */,
				FAB1422512136477004DF07F /* priorityq-heap.c in Sources */,
				FAB1422812136477004DF07F /* priorityq.c in Sources */,
				FAB1422A12136477004DF07F /* render.c in Sources */,
				FAB1422C12136477004DF07F /* sweep.c in Sources */,
				FAB1422E12136477004DF07F /* tess.c in Sources */,
				FAB1423012136477004DF07F /* tessmono.c in Sources */,
			);
			runOnlyForDeploymentPostprocessing = 0;
		};
/* End PBXSourcesBuildPhase section */

/* Begin XCBuildConfiguration section */
		1DEB91EC08733DB70010E9CD /* Debug */ = {
			isa = XCBuildConfiguration;
			buildSettings = {
				ALWAYS_SEARCH_USER_PATHS = NO;
				COPY_PHASE_STRIP = NO;
				GCC_DYNAMIC_NO_PIC = NO;
				GCC_ENABLE_FIX_AND_CONTINUE = YES;
				GCC_MODEL_TUNING = G5;
				GCC_OPTIMIZATION_LEVEL = 0;
				HEADER_SEARCH_PATHS = (
					../../glu/include,
					../../include,
				);
				INSTALL_PATH = /usr/local/lib;
				PRODUCT_NAME = "MonkVG-XCode";
				SDKROOT = iphoneos4.0;
			};
			name = Debug;
		};
		1DEB91ED08733DB70010E9CD /* Release */ = {
			isa = XCBuildConfiguration;
			buildSettings = {
				ALWAYS_SEARCH_USER_PATHS = NO;
				DEBUG_INFORMATION_FORMAT = "dwarf-with-dsym";
				GCC_MODEL_TUNING = G5;
				HEADER_SEARCH_PATHS = (
					../../glu/include,
					../../include,
				);
				INSTALL_PATH = /usr/local/lib;
				PRODUCT_NAME = "MonkVG-XCode";
				SDKROOT = iphoneos4.0;
			};
			name = Release;
		};
		1DEB91F008733DB70010E9CD /* Debug */ = {
			isa = XCBuildConfiguration;
			buildSettings = {
				ARCHS = "$(ARCHS_STANDARD_32_BIT)";
				GCC_C_LANGUAGE_STANDARD = c99;
				GCC_OPTIMIZATION_LEVEL = 0;
				GCC_WARN_ABOUT_RETURN_TYPE = YES;
				GCC_WARN_UNUSED_VARIABLE = YES;
				ONLY_ACTIVE_ARCH = YES;
				PREBINDING = NO;
				SDKROOT = iphoneos4.0;
			};
			name = Debug;
		};
		1DEB91F108733DB70010E9CD /* Release */ = {
			isa = XCBuildConfiguration;
			buildSettings = {
				ARCHS = "$(ARCHS_STANDARD_32_BIT)";
				GCC_C_LANGUAGE_STANDARD = c99;
				GCC_WARN_ABOUT_RETURN_TYPE = YES;
				GCC_WARN_UNUSED_VARIABLE = YES;
				PREBINDING = NO;
				SDKROOT = macosx10.5;
			};
			name = Release;
		};
		FA2D0289120CD5150042EEC6 /* Debug */ = {
			isa = XCBuildConfiguration;
			buildSettings = {
				ALWAYS_SEARCH_USER_PATHS = NO;
				COPY_PHASE_STRIP = NO;
				GCC_DYNAMIC_NO_PIC = NO;
				GCC_ENABLE_FIX_AND_CONTINUE = YES;
				GCC_MODEL_TUNING = G5;
				GCC_OPTIMIZATION_LEVEL = 0;
				HEADER_SEARCH_PATHS = (
					../../glu/include,
					../../include,
				);
				INSTALL_PATH = /usr/local/lib;
				PRODUCT_NAME = "MonkVG-iOS-OpenGL";
				SDKROOT = iphoneos4.0;
			};
			name = Debug;
		};
		FA2D028A120CD5150042EEC6 /* Release */ = {
			isa = XCBuildConfiguration;
			buildSettings = {
				ALWAYS_SEARCH_USER_PATHS = NO;
				DEBUG_INFORMATION_FORMAT = "dwarf-with-dsym";
				GCC_MODEL_TUNING = G5;
				HEADER_SEARCH_PATHS = (
					../../glu/include,
					../../include,
				);
				INSTALL_PATH = /usr/local/lib;
				PRODUCT_NAME = "MonkVG-iOS-OpenGL";
				SDKROOT = iphoneos4.0;
			};
			name = Release;
		};
/* End XCBuildConfiguration section */

/* Begin XCConfigurationList section */
		1DEB91EB08733DB70010E9CD /* Build configuration list for PBXNativeTarget "MonkVG-Quartz-iOS" */ = {
			isa = XCConfigurationList;
			buildConfigurations = (
				1DEB91EC08733DB70010E9CD /* Debug */,
				1DEB91ED08733DB70010E9CD /* Release */,
			);
			defaultConfigurationIsVisible = 0;
			defaultConfigurationName = Release;
		};
		1DEB91EF08733DB70010E9CD /* Build configuration list for PBXProject "MonkVG-XCode" */ = {
			isa = XCConfigurationList;
			buildConfigurations = (
				1DEB91F008733DB70010E9CD /* Debug */,
				1DEB91F108733DB70010E9CD /* Release */,
			);
			defaultConfigurationIsVisible = 0;
			defaultConfigurationName = Release;
		};
		FA2D0288120CD5150042EEC6 /* Build configuration list for PBXNativeTarget "MonkVG-OpenGL-iOS" */ = {
			isa = XCConfigurationList;
			buildConfigurations = (
				FA2D0289120CD5150042EEC6 /* Debug */,
				FA2D028A120CD5150042EEC6 /* Release */,
			);
			defaultConfigurationIsVisible = 0;
			defaultConfigurationName = Release;
		};
/* End XCConfigurationList section */
	};
	rootObject = 08FB7793FE84155DC02AAC07 /* Project object */;
}
