// !$*UTF8*$!
{
	archiveVersion = 1;
	classes = {
	};
	objectVersion = 45;
	objects = {

/* Begin PBXBuildFile section */
		3E80D8EB15FA6BBA0032D10D /* boost.framework in Frameworks */ = {isa = PBXBuildFile; fileRef = 3E80D8EA15FA6BBA0032D10D /* boost.framework */; };
		3E80D8F215FA6C0C0032D10D /* mkBatch.cpp in Sources */ = {isa = PBXBuildFile; fileRef = 3E80D8EC15FA6C0C0032D10D /* mkBatch.cpp */; };
		3E80D8F315FA6C0C0032D10D /* mkBatch.h in Headers */ = {isa = PBXBuildFile; fileRef = 3E80D8ED15FA6C0C0032D10D /* mkBatch.h */; };
		3E80D8F415FA6C0C0032D10D /* mkFont.cpp in Sources */ = {isa = PBXBuildFile; fileRef = 3E80D8EE15FA6C0C0032D10D /* mkFont.cpp */; };
		3E80D8F515FA6C0C0032D10D /* mkFont.h in Headers */ = {isa = PBXBuildFile; fileRef = 3E80D8EF15FA6C0C0032D10D /* mkFont.h */; };
		3E80D8F615FA6C0C0032D10D /* mkImage.cpp in Sources */ = {isa = PBXBuildFile; fileRef = 3E80D8F015FA6C0C0032D10D /* mkImage.cpp */; };
		3E80D8F715FA6C0C0032D10D /* mkImage.h in Headers */ = {isa = PBXBuildFile; fileRef = 3E80D8F115FA6C0C0032D10D /* mkImage.h */; };
		3E80D8FF15FA6C170032D10D /* glBatch.cpp in Sources */ = {isa = PBXBuildFile; fileRef = 3E80D8F815FA6C170032D10D /* glBatch.cpp */; };
		3E80D90015FA6C170032D10D /* glBatch.h in Headers */ = {isa = PBXBuildFile; fileRef = 3E80D8F915FA6C170032D10D /* glBatch.h */; };
		3E80D90115FA6C170032D10D /* glFont.cpp in Sources */ = {isa = PBXBuildFile; fileRef = 3E80D8FA15FA6C170032D10D /* glFont.cpp */; };
		3E80D90215FA6C170032D10D /* glFont.h in Headers */ = {isa = PBXBuildFile; fileRef = 3E80D8FB15FA6C170032D10D /* glFont.h */; };
		3E80D90315FA6C170032D10D /* glImage.cpp in Sources */ = {isa = PBXBuildFile; fileRef = 3E80D8FC15FA6C170032D10D /* glImage.cpp */; };
		3E80D90415FA6C170032D10D /* glImage.h in Headers */ = {isa = PBXBuildFile; fileRef = 3E80D8FD15FA6C170032D10D /* glImage.h */; };
		3E80D90515FA6C170032D10D /* glPlatform.h in Headers */ = {isa = PBXBuildFile; fileRef = 3E80D8FE15FA6C170032D10D /* glPlatform.h */; };
		FA0B190F126F8C5A00550DCC /* mkBaseObject.cpp in Sources */ = {isa = PBXBuildFile; fileRef = FA0B18CF126F8C5A00550DCC /* mkBaseObject.cpp */; };
		FA0B1910126F8C5A00550DCC /* mkBaseObject.h in Headers */ = {isa = PBXBuildFile; fileRef = FA0B18D0126F8C5A00550DCC /* mkBaseObject.h */; settings = {ATTRIBUTES = (); }; };
		FA0B1911126F8C5A00550DCC /* mkCommon.h in Headers */ = {isa = PBXBuildFile; fileRef = FA0B18D1126F8C5A00550DCC /* mkCommon.h */; settings = {ATTRIBUTES = (); }; };
		FA0B1912126F8C5A00550DCC /* mkContext.cpp in Sources */ = {isa = PBXBuildFile; fileRef = FA0B18D2126F8C5A00550DCC /* mkContext.cpp */; };
		FA0B1913126F8C5A00550DCC /* mkContext.h in Headers */ = {isa = PBXBuildFile; fileRef = FA0B18D3126F8C5A00550DCC /* mkContext.h */; settings = {ATTRIBUTES = (); }; };
		FA0B1914126F8C5A00550DCC /* mkMath.cpp in Sources */ = {isa = PBXBuildFile; fileRef = FA0B18D4126F8C5A00550DCC /* mkMath.cpp */; };
		FA0B1915126F8C5A00550DCC /* mkMath.h in Headers */ = {isa = PBXBuildFile; fileRef = FA0B18D5126F8C5A00550DCC /* mkMath.h */; settings = {ATTRIBUTES = (); }; };
		FA0B1916126F8C5A00550DCC /* mkPaint.cpp in Sources */ = {isa = PBXBuildFile; fileRef = FA0B18D6126F8C5A00550DCC /* mkPaint.cpp */; };
		FA0B1917126F8C5A00550DCC /* mkPaint.h in Headers */ = {isa = PBXBuildFile; fileRef = FA0B18D7126F8C5A00550DCC /* mkPaint.h */; settings = {ATTRIBUTES = (); }; };
		FA0B1918126F8C5A00550DCC /* mkParameter.cpp in Sources */ = {isa = PBXBuildFile; fileRef = FA0B18D8126F8C5A00550DCC /* mkParameter.cpp */; };
		FA0B1919126F8C5A00550DCC /* mkPath.cpp in Sources */ = {isa = PBXBuildFile; fileRef = FA0B18D9126F8C5A00550DCC /* mkPath.cpp */; };
		FA0B191A126F8C5A00550DCC /* mkPath.h in Headers */ = {isa = PBXBuildFile; fileRef = FA0B18DA126F8C5A00550DCC /* mkPath.h */; settings = {ATTRIBUTES = (); }; };
		FA0B191B126F8C5A00550DCC /* mkVGU.cpp in Sources */ = {isa = PBXBuildFile; fileRef = FA0B18DB126F8C5A00550DCC /* mkVGU.cpp */; };
		FA0B193B126F8C5A00550DCC /* glContext.cpp in Sources */ = {isa = PBXBuildFile; fileRef = FA0B1902126F8C5A00550DCC /* glContext.cpp */; };
		FA0B193C126F8C5A00550DCC /* glContext.h in Headers */ = {isa = PBXBuildFile; fileRef = FA0B1903126F8C5A00550DCC /* glContext.h */; settings = {ATTRIBUTES = (); }; };
		FA0B193D126F8C5A00550DCC /* glPaint.cpp in Sources */ = {isa = PBXBuildFile; fileRef = FA0B1904126F8C5A00550DCC /* glPaint.cpp */; };
		FA0B193E126F8C5A00550DCC /* glPaint.h in Headers */ = {isa = PBXBuildFile; fileRef = FA0B1905126F8C5A00550DCC /* glPaint.h */; settings = {ATTRIBUTES = (); }; };
		FA0B193F126F8C5A00550DCC /* glPath.cpp in Sources */ = {isa = PBXBuildFile; fileRef = FA0B1906126F8C5A00550DCC /* glPath.cpp */; };
		FA0B1940126F8C5A00550DCC /* glPath.h in Headers */ = {isa = PBXBuildFile; fileRef = FA0B1907126F8C5A00550DCC /* glPath.h */; settings = {ATTRIBUTES = (); }; };
		FA0B1955126F8CE000550DCC /* openvg.h in Headers */ = {isa = PBXBuildFile; fileRef = FA0B1951126F8CE000550DCC /* openvg.h */; settings = {ATTRIBUTES = (Public, ); }; };
		FA0B1956126F8CE000550DCC /* vgext.h in Headers */ = {isa = PBXBuildFile; fileRef = FA0B1952126F8CE000550DCC /* vgext.h */; settings = {ATTRIBUTES = (Public, ); }; };
		FA0B1957126F8CE000550DCC /* vgplatform.h in Headers */ = {isa = PBXBuildFile; fileRef = FA0B1953126F8CE000550DCC /* vgplatform.h */; settings = {ATTRIBUTES = (Public, ); }; };
		FA0B1958126F8CE000550DCC /* vgu.h in Headers */ = {isa = PBXBuildFile; fileRef = FA0B1954126F8CE000550DCC /* vgu.h */; settings = {ATTRIBUTES = (Public, ); }; };
		FADCBB4116BEDFEE000F5EA7 /* OpenGLES11Context.cpp in Sources */ = {isa = PBXBuildFile; fileRef = FADCBAE916BEDFEE000F5EA7 /* OpenGLES11Context.cpp */; };
		FADCBB4216BEDFEE000F5EA7 /* OpenGLES11Context.h in Headers */ = {isa = PBXBuildFile; fileRef = FADCBAEA16BEDFEE000F5EA7 /* OpenGLES11Context.h */; };
		FADCBB4316BEDFEE000F5EA7 /* OpenGLES11Implementation.cpp in Sources */ = {isa = PBXBuildFile; fileRef = FADCBAEB16BEDFEE000F5EA7 /* OpenGLES11Implementation.cpp */; };
		FADCBB4416BEDFEE000F5EA7 /* OpenGLES11Implementation.h in Headers */ = {isa = PBXBuildFile; fileRef = FADCBAEC16BEDFEE000F5EA7 /* OpenGLES11Implementation.h */; };
		FADCBB4516BEDFEE000F5EA7 /* Attribute.cpp in Sources */ = {isa = PBXBuildFile; fileRef = FADCBAEE16BEDFEE000F5EA7 /* Attribute.cpp */; };
		FADCBB4616BEDFEE000F5EA7 /* Attribute.h in Headers */ = {isa = PBXBuildFile; fileRef = FADCBAEF16BEDFEE000F5EA7 /* Attribute.h */; };
		FADCBB4716BEDFEE000F5EA7 /* MatrixStack.cpp in Sources */ = {isa = PBXBuildFile; fileRef = FADCBAF016BEDFEE000F5EA7 /* MatrixStack.cpp */; };
		FADCBB4816BEDFEE000F5EA7 /* MatrixStack.h in Headers */ = {isa = PBXBuildFile; fileRef = FADCBAF116BEDFEE000F5EA7 /* MatrixStack.h */; };
		FADCBB4916BEDFEE000F5EA7 /* OpenGLES20Context.cpp in Sources */ = {isa = PBXBuildFile; fileRef = FADCBAF216BEDFEE000F5EA7 /* OpenGLES20Context.cpp */; };
		FADCBB4A16BEDFEE000F5EA7 /* OpenGLES20Context.h in Headers */ = {isa = PBXBuildFile; fileRef = FADCBAF316BEDFEE000F5EA7 /* OpenGLES20Context.h */; };
		FADCBB4B16BEDFEE000F5EA7 /* OpenGLES20Implementation.cpp in Sources */ = {isa = PBXBuildFile; fileRef = FADCBAF416BEDFEE000F5EA7 /* OpenGLES20Implementation.cpp */; };
		FADCBB4C16BEDFEE000F5EA7 /* OpenGLES20Implementation.h in Headers */ = {isa = PBXBuildFile; fileRef = FADCBAF516BEDFEE000F5EA7 /* OpenGLES20Implementation.h */; };
		FADCBB4D16BEDFEE000F5EA7 /* OpenGLESState.cpp in Sources */ = {isa = PBXBuildFile; fileRef = FADCBAF616BEDFEE000F5EA7 /* OpenGLESState.cpp */; };
		FADCBB4E16BEDFEE000F5EA7 /* OpenGLESState.h in Headers */ = {isa = PBXBuildFile; fileRef = FADCBAF716BEDFEE000F5EA7 /* OpenGLESState.h */; };
		FADCBB4F16BEDFEE000F5EA7 /* Shader.cpp in Sources */ = {isa = PBXBuildFile; fileRef = FADCBAF816BEDFEE000F5EA7 /* Shader.cpp */; };
		FADCBB5016BEDFEE000F5EA7 /* Shader.h in Headers */ = {isa = PBXBuildFile; fileRef = FADCBAF916BEDFEE000F5EA7 /* Shader.h */; };
		FADCBB5116BEDFEE000F5EA7 /* ShaderFile.cpp in Sources */ = {isa = PBXBuildFile; fileRef = FADCBAFA16BEDFEE000F5EA7 /* ShaderFile.cpp */; };
		FADCBB5216BEDFEE000F5EA7 /* ShaderFile.h in Headers */ = {isa = PBXBuildFile; fileRef = FADCBAFB16BEDFEE000F5EA7 /* ShaderFile.h */; };
		FADCBB5316BEDFEE000F5EA7 /* ShaderProgram.cpp in Sources */ = {isa = PBXBuildFile; fileRef = FADCBAFC16BEDFEE000F5EA7 /* ShaderProgram.cpp */; };
		FADCBB5416BEDFEE000F5EA7 /* ShaderProgram.h in Headers */ = {isa = PBXBuildFile; fileRef = FADCBAFD16BEDFEE000F5EA7 /* ShaderProgram.h */; };
		FADCBB5516BEDFEE000F5EA7 /* all_shaders.h in Headers */ = {isa = PBXBuildFile; fileRef = FADCBAFF16BEDFEE000F5EA7 /* all_shaders.h */; };
		FADCBB5616BEDFEE000F5EA7 /* alphaTest.frag in Sources */ = {isa = PBXBuildFile; fileRef = FADCBB0016BEDFEE000F5EA7 /* alphaTest.frag */; };
		FADCBB5716BEDFEE000F5EA7 /* alphaTest.frag.h in Headers */ = {isa = PBXBuildFile; fileRef = FADCBB0116BEDFEE000F5EA7 /* alphaTest.frag.h */; };
		FADCBB5816BEDFEE000F5EA7 /* clipPlane.frag in Sources */ = {isa = PBXBuildFile; fileRef = FADCBB0216BEDFEE000F5EA7 /* clipPlane.frag */; };
		FADCBB5916BEDFEE000F5EA7 /* clipPlane.frag.h in Headers */ = {isa = PBXBuildFile; fileRef = FADCBB0316BEDFEE000F5EA7 /* clipPlane.frag.h */; };
		FADCBB5A16BEDFEE000F5EA7 /* clipPlane.vert in Sources */ = {isa = PBXBuildFile; fileRef = FADCBB0416BEDFEE000F5EA7 /* clipPlane.vert */; };
		FADCBB5B16BEDFEE000F5EA7 /* clipPlane.vert.h in Headers */ = {isa = PBXBuildFile; fileRef = FADCBB0516BEDFEE000F5EA7 /* clipPlane.vert.h */; };
		FADCBB5C16BEDFEE000F5EA7 /* lighting.frag in Sources */ = {isa = PBXBuildFile; fileRef = FADCBB0716BEDFEE000F5EA7 /* lighting.frag */; };
		FADCBB5D16BEDFEE000F5EA7 /* lighting.frag.h in Headers */ = {isa = PBXBuildFile; fileRef = FADCBB0816BEDFEE000F5EA7 /* lighting.frag.h */; };
		FADCBB5E16BEDFEE000F5EA7 /* lighting.vert in Sources */ = {isa = PBXBuildFile; fileRef = FADCBB0916BEDFEE000F5EA7 /* lighting.vert */; };
		FADCBB5F16BEDFEE000F5EA7 /* lighting.vert.h in Headers */ = {isa = PBXBuildFile; fileRef = FADCBB0A16BEDFEE000F5EA7 /* lighting.vert.h */; };
		FADCBB6016BEDFEE000F5EA7 /* lightingPerFragment.frag in Sources */ = {isa = PBXBuildFile; fileRef = FADCBB0B16BEDFEE000F5EA7 /* lightingPerFragment.frag */; };
		FADCBB6116BEDFEE000F5EA7 /* lightingPerFragment.frag.h in Headers */ = {isa = PBXBuildFile; fileRef = FADCBB0C16BEDFEE000F5EA7 /* lightingPerFragment.frag.h */; };
		FADCBB6216BEDFEE000F5EA7 /* lightingPerFragment.vert in Sources */ = {isa = PBXBuildFile; fileRef = FADCBB0D16BEDFEE000F5EA7 /* lightingPerFragment.vert */; };
		FADCBB6316BEDFEE000F5EA7 /* lightingPerFragment.vert.h in Headers */ = {isa = PBXBuildFile; fileRef = FADCBB0E16BEDFEE000F5EA7 /* lightingPerFragment.vert.h */; };
		FADCBB6416BEDFEE000F5EA7 /* lightingPerVertex.vert in Sources */ = {isa = PBXBuildFile; fileRef = FADCBB0F16BEDFEE000F5EA7 /* lightingPerVertex.vert */; };
		FADCBB6516BEDFEE000F5EA7 /* lightingPerVertex.vert.h in Headers */ = {isa = PBXBuildFile; fileRef = FADCBB1016BEDFEE000F5EA7 /* lightingPerVertex.vert.h */; };
		FADCBB6616BEDFEE000F5EA7 /* main.frag in Sources */ = {isa = PBXBuildFile; fileRef = FADCBB1116BEDFEE000F5EA7 /* main.frag */; };
		FADCBB6716BEDFEE000F5EA7 /* main.frag.h in Headers */ = {isa = PBXBuildFile; fileRef = FADCBB1216BEDFEE000F5EA7 /* main.frag.h */; };
		FADCBB6816BEDFEE000F5EA7 /* main.vert in Sources */ = {isa = PBXBuildFile; fileRef = FADCBB1316BEDFEE000F5EA7 /* main.vert */; };
		FADCBB6916BEDFEE000F5EA7 /* main.vert.h in Headers */ = {isa = PBXBuildFile; fileRef = FADCBB1416BEDFEE000F5EA7 /* main.vert.h */; };
		FADCBB6A16BEDFEE000F5EA7 /* postprocess.frag in Sources */ = {isa = PBXBuildFile; fileRef = FADCBB1516BEDFEE000F5EA7 /* postprocess.frag */; };
		FADCBB6B16BEDFEE000F5EA7 /* postprocess.frag.h in Headers */ = {isa = PBXBuildFile; fileRef = FADCBB1616BEDFEE000F5EA7 /* postprocess.frag.h */; };
		FADCBB6C16BEDFEE000F5EA7 /* postprocess.vert in Sources */ = {isa = PBXBuildFile; fileRef = FADCBB1716BEDFEE000F5EA7 /* postprocess.vert */; };
		FADCBB6D16BEDFEE000F5EA7 /* postprocess.vert.h in Headers */ = {isa = PBXBuildFile; fileRef = FADCBB1816BEDFEE000F5EA7 /* postprocess.vert.h */; };
		FADCBB6E16BEDFEE000F5EA7 /* texture.frag in Sources */ = {isa = PBXBuildFile; fileRef = FADCBB1916BEDFEE000F5EA7 /* texture.frag */; };
		FADCBB6F16BEDFEE000F5EA7 /* texture.frag.h in Headers */ = {isa = PBXBuildFile; fileRef = FADCBB1A16BEDFEE000F5EA7 /* texture.frag.h */; };
		FADCBB7016BEDFEE000F5EA7 /* texture.vert in Sources */ = {isa = PBXBuildFile; fileRef = FADCBB1B16BEDFEE000F5EA7 /* texture.vert */; };
		FADCBB7116BEDFEE000F5EA7 /* texture.vert.h in Headers */ = {isa = PBXBuildFile; fileRef = FADCBB1C16BEDFEE000F5EA7 /* texture.vert.h */; };
		FADCBB7216BEDFEE000F5EA7 /* texture0.frag in Sources */ = {isa = PBXBuildFile; fileRef = FADCBB1D16BEDFEE000F5EA7 /* texture0.frag */; };
		FADCBB7316BEDFEE000F5EA7 /* texture0.frag.h in Headers */ = {isa = PBXBuildFile; fileRef = FADCBB1E16BEDFEE000F5EA7 /* texture0.frag.h */; };
		FADCBB7416BEDFEE000F5EA7 /* texture0.vert in Sources */ = {isa = PBXBuildFile; fileRef = FADCBB1F16BEDFEE000F5EA7 /* texture0.vert */; };
		FADCBB7516BEDFEE000F5EA7 /* texture0.vert.h in Headers */ = {isa = PBXBuildFile; fileRef = FADCBB2016BEDFEE000F5EA7 /* texture0.vert.h */; };
		FADCBB7616BEDFEE000F5EA7 /* texture1.frag in Sources */ = {isa = PBXBuildFile; fileRef = FADCBB2116BEDFEE000F5EA7 /* texture1.frag */; };
		FADCBB7716BEDFEE000F5EA7 /* texture1.frag.h in Headers */ = {isa = PBXBuildFile; fileRef = FADCBB2216BEDFEE000F5EA7 /* texture1.frag.h */; };
		FADCBB7816BEDFEE000F5EA7 /* texture1.vert in Sources */ = {isa = PBXBuildFile; fileRef = FADCBB2316BEDFEE000F5EA7 /* texture1.vert */; };
		FADCBB7916BEDFEE000F5EA7 /* texture1.vert.h in Headers */ = {isa = PBXBuildFile; fileRef = FADCBB2416BEDFEE000F5EA7 /* texture1.vert.h */; };
		FADCBB7A16BEDFEE000F5EA7 /* texture2.frag in Sources */ = {isa = PBXBuildFile; fileRef = FADCBB2516BEDFEE000F5EA7 /* texture2.frag */; };
		FADCBB7B16BEDFEE000F5EA7 /* texture2.frag.h in Headers */ = {isa = PBXBuildFile; fileRef = FADCBB2616BEDFEE000F5EA7 /* texture2.frag.h */; };
		FADCBB7C16BEDFEE000F5EA7 /* texture2.vert in Sources */ = {isa = PBXBuildFile; fileRef = FADCBB2716BEDFEE000F5EA7 /* texture2.vert */; };
		FADCBB7D16BEDFEE000F5EA7 /* texture2.vert.h in Headers */ = {isa = PBXBuildFile; fileRef = FADCBB2816BEDFEE000F5EA7 /* texture2.vert.h */; };
		FADCBB7E16BEDFEE000F5EA7 /* ShaderSource.cpp in Sources */ = {isa = PBXBuildFile; fileRef = FADCBB2916BEDFEE000F5EA7 /* ShaderSource.cpp */; };
		FADCBB7F16BEDFEE000F5EA7 /* ShaderSource.h in Headers */ = {isa = PBXBuildFile; fileRef = FADCBB2A16BEDFEE000F5EA7 /* ShaderSource.h */; };
		FADCBB8016BEDFEE000F5EA7 /* Uniform.cpp in Sources */ = {isa = PBXBuildFile; fileRef = FADCBB2B16BEDFEE000F5EA7 /* Uniform.cpp */; };
		FADCBB8116BEDFEE000F5EA7 /* Uniform.h in Headers */ = {isa = PBXBuildFile; fileRef = FADCBB2C16BEDFEE000F5EA7 /* Uniform.h */; };
		FADCBB8216BEDFEE000F5EA7 /* OpenGLESConfig.cpp in Sources */ = {isa = PBXBuildFile; fileRef = FADCBB2D16BEDFEE000F5EA7 /* OpenGLESConfig.cpp */; };
		FADCBB8316BEDFEE000F5EA7 /* OpenGLESConfig.h in Headers */ = {isa = PBXBuildFile; fileRef = FADCBB2E16BEDFEE000F5EA7 /* OpenGLESConfig.h */; };
		FADCBB8416BEDFEE000F5EA7 /* OpenGLESContext.cpp in Sources */ = {isa = PBXBuildFile; fileRef = FADCBB2F16BEDFEE000F5EA7 /* OpenGLESContext.cpp */; };
		FADCBB8516BEDFEE000F5EA7 /* OpenGLESContext.h in Headers */ = {isa = PBXBuildFile; fileRef = FADCBB3016BEDFEE000F5EA7 /* OpenGLESContext.h */; };
		FADCBB8616BEDFEE000F5EA7 /* OpenGLESFile.cpp in Sources */ = {isa = PBXBuildFile; fileRef = FADCBB3116BEDFEE000F5EA7 /* OpenGLESFile.cpp */; };
		FADCBB8716BEDFEE000F5EA7 /* OpenGLESFile.h in Headers */ = {isa = PBXBuildFile; fileRef = FADCBB3216BEDFEE000F5EA7 /* OpenGLESFile.h */; };
		FADCBB8816BEDFEE000F5EA7 /* OpenGLESImplementation.cpp in Sources */ = {isa = PBXBuildFile; fileRef = FADCBB3316BEDFEE000F5EA7 /* OpenGLESImplementation.cpp */; };
		FADCBB8916BEDFEE000F5EA7 /* OpenGLESImplementation.h in Headers */ = {isa = PBXBuildFile; fileRef = FADCBB3416BEDFEE000F5EA7 /* OpenGLESImplementation.h */; };
		FADCBB8A16BEDFEE000F5EA7 /* OpenGLESMath.h in Headers */ = {isa = PBXBuildFile; fileRef = FADCBB3516BEDFEE000F5EA7 /* OpenGLESMath.h */; };
		FADCBB8B16BEDFEE000F5EA7 /* OpenGLESString.cpp in Sources */ = {isa = PBXBuildFile; fileRef = FADCBB3616BEDFEE000F5EA7 /* OpenGLESString.cpp */; };
		FADCBB8C16BEDFEE000F5EA7 /* OpenGLESString.h in Headers */ = {isa = PBXBuildFile; fileRef = FADCBB3716BEDFEE000F5EA7 /* OpenGLESString.h */; };
		FADCBB8D16BEDFEE000F5EA7 /* OpenGLESUtil.cpp in Sources */ = {isa = PBXBuildFile; fileRef = FADCBB3816BEDFEE000F5EA7 /* OpenGLESUtil.cpp */; };
		FADCBB8E16BEDFEE000F5EA7 /* OpenGLESUtil.h in Headers */ = {isa = PBXBuildFile; fileRef = FADCBB3916BEDFEE000F5EA7 /* OpenGLESUtil.h */; };
/* End PBXBuildFile section */

/* Begin PBXFileReference section */
		3E80D8EA15FA6BBA0032D10D /* boost.framework */ = {isa = PBXFileReference; lastKnownFileType = wrapper.framework; name = boost.framework; path = ../../Frameworks/boost.framework; sourceTree = "<group>"; };
		3E80D8EC15FA6C0C0032D10D /* mkBatch.cpp */ = {isa = PBXFileReference; fileEncoding = 4; lastKnownFileType = sourcecode.cpp.cpp; name = mkBatch.cpp; path = ../../src/mkBatch.cpp; sourceTree = "<group>"; };
		3E80D8ED15FA6C0C0032D10D /* mkBatch.h */ = {isa = PBXFileReference; fileEncoding = 4; lastKnownFileType = sourcecode.c.h; name = mkBatch.h; path = ../../src/mkBatch.h; sourceTree = "<group>"; };
		3E80D8EE15FA6C0C0032D10D /* mkFont.cpp */ = {isa = PBXFileReference; fileEncoding = 4; lastKnownFileType = sourcecode.cpp.cpp; name = mkFont.cpp; path = ../../src/mkFont.cpp; sourceTree = "<group>"; };
		3E80D8EF15FA6C0C0032D10D /* mkFont.h */ = {isa = PBXFileReference; fileEncoding = 4; lastKnownFileType = sourcecode.c.h; name = mkFont.h; path = ../../src/mkFont.h; sourceTree = "<group>"; };
		3E80D8F015FA6C0C0032D10D /* mkImage.cpp */ = {isa = PBXFileReference; fileEncoding = 4; lastKnownFileType = sourcecode.cpp.cpp; name = mkImage.cpp; path = ../../src/mkImage.cpp; sourceTree = "<group>"; };
		3E80D8F115FA6C0C0032D10D /* mkImage.h */ = {isa = PBXFileReference; fileEncoding = 4; lastKnownFileType = sourcecode.c.h; name = mkImage.h; path = ../../src/mkImage.h; sourceTree = "<group>"; };
		3E80D8F815FA6C170032D10D /* glBatch.cpp */ = {isa = PBXFileReference; fileEncoding = 4; lastKnownFileType = sourcecode.cpp.cpp; path = glBatch.cpp; sourceTree = "<group>"; };
		3E80D8F915FA6C170032D10D /* glBatch.h */ = {isa = PBXFileReference; fileEncoding = 4; lastKnownFileType = sourcecode.c.h; path = glBatch.h; sourceTree = "<group>"; };
		3E80D8FA15FA6C170032D10D /* glFont.cpp */ = {isa = PBXFileReference; fileEncoding = 4; lastKnownFileType = sourcecode.cpp.cpp; path = glFont.cpp; sourceTree = "<group>"; };
		3E80D8FB15FA6C170032D10D /* glFont.h */ = {isa = PBXFileReference; fileEncoding = 4; lastKnownFileType = sourcecode.c.h; path = glFont.h; sourceTree = "<group>"; };
		3E80D8FC15FA6C170032D10D /* glImage.cpp */ = {isa = PBXFileReference; fileEncoding = 4; lastKnownFileType = sourcecode.cpp.cpp; path = glImage.cpp; sourceTree = "<group>"; };
		3E80D8FD15FA6C170032D10D /* glImage.h */ = {isa = PBXFileReference; fileEncoding = 4; lastKnownFileType = sourcecode.c.h; path = glImage.h; sourceTree = "<group>"; };
		3E80D8FE15FA6C170032D10D /* glPlatform.h */ = {isa = PBXFileReference; fileEncoding = 4; lastKnownFileType = sourcecode.c.h; path = glPlatform.h; sourceTree = "<group>"; };
		D2AAC046055464E500DB518D /* libMonkVG-OSX.a */ = {isa = PBXFileReference; explicitFileType = archive.ar; includeInIndex = 0; path = "libMonkVG-OSX.a"; sourceTree = BUILT_PRODUCTS_DIR; };
		FA0B18CF126F8C5A00550DCC /* mkBaseObject.cpp */ = {isa = PBXFileReference; fileEncoding = 4; lastKnownFileType = sourcecode.cpp.cpp; name = mkBaseObject.cpp; path = ../../src/mkBaseObject.cpp; sourceTree = SOURCE_ROOT; };
		FA0B18D0126F8C5A00550DCC /* mkBaseObject.h */ = {isa = PBXFileReference; fileEncoding = 4; lastKnownFileType = sourcecode.c.h; name = mkBaseObject.h; path = ../../src/mkBaseObject.h; sourceTree = SOURCE_ROOT; };
		FA0B18D1126F8C5A00550DCC /* mkCommon.h */ = {isa = PBXFileReference; fileEncoding = 4; lastKnownFileType = sourcecode.c.h; name = mkCommon.h; path = ../../src/mkCommon.h; sourceTree = SOURCE_ROOT; };
		FA0B18D2126F8C5A00550DCC /* mkContext.cpp */ = {isa = PBXFileReference; fileEncoding = 4; lastKnownFileType = sourcecode.cpp.cpp; name = mkContext.cpp; path = ../../src/mkContext.cpp; sourceTree = SOURCE_ROOT; };
		FA0B18D3126F8C5A00550DCC /* mkContext.h */ = {isa = PBXFileReference; fileEncoding = 4; lastKnownFileType = sourcecode.c.h; name = mkContext.h; path = ../../src/mkContext.h; sourceTree = SOURCE_ROOT; };
		FA0B18D4126F8C5A00550DCC /* mkMath.cpp */ = {isa = PBXFileReference; fileEncoding = 4; lastKnownFileType = sourcecode.cpp.cpp; name = mkMath.cpp; path = ../../src/mkMath.cpp; sourceTree = SOURCE_ROOT; };
		FA0B18D5126F8C5A00550DCC /* mkMath.h */ = {isa = PBXFileReference; fileEncoding = 4; lastKnownFileType = sourcecode.c.h; name = mkMath.h; path = ../../src/mkMath.h; sourceTree = SOURCE_ROOT; };
		FA0B18D6126F8C5A00550DCC /* mkPaint.cpp */ = {isa = PBXFileReference; fileEncoding = 4; lastKnownFileType = sourcecode.cpp.cpp; name = mkPaint.cpp; path = ../../src/mkPaint.cpp; sourceTree = SOURCE_ROOT; };
		FA0B18D7126F8C5A00550DCC /* mkPaint.h */ = {isa = PBXFileReference; fileEncoding = 4; lastKnownFileType = sourcecode.c.h; name = mkPaint.h; path = ../../src/mkPaint.h; sourceTree = SOURCE_ROOT; };
		FA0B18D8126F8C5A00550DCC /* mkParameter.cpp */ = {isa = PBXFileReference; fileEncoding = 4; lastKnownFileType = sourcecode.cpp.cpp; name = mkParameter.cpp; path = ../../src/mkParameter.cpp; sourceTree = SOURCE_ROOT; };
		FA0B18D9126F8C5A00550DCC /* mkPath.cpp */ = {isa = PBXFileReference; fileEncoding = 4; lastKnownFileType = sourcecode.cpp.cpp; name = mkPath.cpp; path = ../../src/mkPath.cpp; sourceTree = SOURCE_ROOT; };
		FA0B18DA126F8C5A00550DCC /* mkPath.h */ = {isa = PBXFileReference; fileEncoding = 4; lastKnownFileType = sourcecode.c.h; name = mkPath.h; path = ../../src/mkPath.h; sourceTree = SOURCE_ROOT; };
		FA0B18DB126F8C5A00550DCC /* mkVGU.cpp */ = {isa = PBXFileReference; fileEncoding = 4; lastKnownFileType = sourcecode.cpp.cpp; name = mkVGU.cpp; path = ../../src/mkVGU.cpp; sourceTree = SOURCE_ROOT; };
		FA0B1902126F8C5A00550DCC /* glContext.cpp */ = {isa = PBXFileReference; fileEncoding = 4; lastKnownFileType = sourcecode.cpp.cpp; path = glContext.cpp; sourceTree = "<group>"; };
		FA0B1903126F8C5A00550DCC /* glContext.h */ = {isa = PBXFileReference; fileEncoding = 4; lastKnownFileType = sourcecode.c.h; path = glContext.h; sourceTree = "<group>"; };
		FA0B1904126F8C5A00550DCC /* glPaint.cpp */ = {isa = PBXFileReference; fileEncoding = 4; lastKnownFileType = sourcecode.cpp.cpp; path = glPaint.cpp; sourceTree = "<group>"; };
		FA0B1905126F8C5A00550DCC /* glPaint.h */ = {isa = PBXFileReference; fileEncoding = 4; lastKnownFileType = sourcecode.c.h; path = glPaint.h; sourceTree = "<group>"; };
		FA0B1906126F8C5A00550DCC /* glPath.cpp */ = {isa = PBXFileReference; fileEncoding = 4; lastKnownFileType = sourcecode.cpp.cpp; path = glPath.cpp; sourceTree = "<group>"; };
		FA0B1907126F8C5A00550DCC /* glPath.h */ = {isa = PBXFileReference; fileEncoding = 4; lastKnownFileType = sourcecode.c.h; path = glPath.h; sourceTree = "<group>"; };
		FA0B1951126F8CE000550DCC /* openvg.h */ = {isa = PBXFileReference; fileEncoding = 4; lastKnownFileType = sourcecode.c.h; path = openvg.h; sourceTree = "<group>"; };
		FA0B1952126F8CE000550DCC /* vgext.h */ = {isa = PBXFileReference; fileEncoding = 4; lastKnownFileType = sourcecode.c.h; path = vgext.h; sourceTree = "<group>"; };
		FA0B1953126F8CE000550DCC /* vgplatform.h */ = {isa = PBXFileReference; fileEncoding = 4; lastKnownFileType = sourcecode.c.h; path = vgplatform.h; sourceTree = "<group>"; };
		FA0B1954126F8CE000550DCC /* vgu.h */ = {isa = PBXFileReference; fileEncoding = 4; lastKnownFileType = sourcecode.c.h; path = vgu.h; sourceTree = "<group>"; };
		FADCBAE916BEDFEE000F5EA7 /* OpenGLES11Context.cpp */ = {isa = PBXFileReference; fileEncoding = 4; lastKnownFileType = sourcecode.cpp.cpp; path = OpenGLES11Context.cpp; sourceTree = "<group>"; };
		FADCBAEA16BEDFEE000F5EA7 /* OpenGLES11Context.h */ = {isa = PBXFileReference; fileEncoding = 4; lastKnownFileType = sourcecode.c.h; path = OpenGLES11Context.h; sourceTree = "<group>"; };
		FADCBAEB16BEDFEE000F5EA7 /* OpenGLES11Implementation.cpp */ = {isa = PBXFileReference; fileEncoding = 4; lastKnownFileType = sourcecode.cpp.cpp; path = OpenGLES11Implementation.cpp; sourceTree = "<group>"; };
		FADCBAEC16BEDFEE000F5EA7 /* OpenGLES11Implementation.h */ = {isa = PBXFileReference; fileEncoding = 4; lastKnownFileType = sourcecode.c.h; path = OpenGLES11Implementation.h; sourceTree = "<group>"; };
		FADCBAEE16BEDFEE000F5EA7 /* Attribute.cpp */ = {isa = PBXFileReference; fileEncoding = 4; lastKnownFileType = sourcecode.cpp.cpp; path = Attribute.cpp; sourceTree = "<group>"; };
		FADCBAEF16BEDFEE000F5EA7 /* Attribute.h */ = {isa = PBXFileReference; fileEncoding = 4; lastKnownFileType = sourcecode.c.h; path = Attribute.h; sourceTree = "<group>"; };
		FADCBAF016BEDFEE000F5EA7 /* MatrixStack.cpp */ = {isa = PBXFileReference; fileEncoding = 4; lastKnownFileType = sourcecode.cpp.cpp; path = MatrixStack.cpp; sourceTree = "<group>"; };
		FADCBAF116BEDFEE000F5EA7 /* MatrixStack.h */ = {isa = PBXFileReference; fileEncoding = 4; lastKnownFileType = sourcecode.c.h; path = MatrixStack.h; sourceTree = "<group>"; };
		FADCBAF216BEDFEE000F5EA7 /* OpenGLES20Context.cpp */ = {isa = PBXFileReference; fileEncoding = 4; lastKnownFileType = sourcecode.cpp.cpp; path = OpenGLES20Context.cpp; sourceTree = "<group>"; };
		FADCBAF316BEDFEE000F5EA7 /* OpenGLES20Context.h */ = {isa = PBXFileReference; fileEncoding = 4; lastKnownFileType = sourcecode.c.h; path = OpenGLES20Context.h; sourceTree = "<group>"; };
		FADCBAF416BEDFEE000F5EA7 /* OpenGLES20Implementation.cpp */ = {isa = PBXFileReference; fileEncoding = 4; lastKnownFileType = sourcecode.cpp.cpp; path = OpenGLES20Implementation.cpp; sourceTree = "<group>"; };
		FADCBAF516BEDFEE000F5EA7 /* OpenGLES20Implementation.h */ = {isa = PBXFileReference; fileEncoding = 4; lastKnownFileType = sourcecode.c.h; path = OpenGLES20Implementation.h; sourceTree = "<group>"; };
		FADCBAF616BEDFEE000F5EA7 /* OpenGLESState.cpp */ = {isa = PBXFileReference; fileEncoding = 4; lastKnownFileType = sourcecode.cpp.cpp; path = OpenGLESState.cpp; sourceTree = "<group>"; };
		FADCBAF716BEDFEE000F5EA7 /* OpenGLESState.h */ = {isa = PBXFileReference; fileEncoding = 4; lastKnownFileType = sourcecode.c.h; path = OpenGLESState.h; sourceTree = "<group>"; };
		FADCBAF816BEDFEE000F5EA7 /* Shader.cpp */ = {isa = PBXFileReference; fileEncoding = 4; lastKnownFileType = sourcecode.cpp.cpp; path = Shader.cpp; sourceTree = "<group>"; };
		FADCBAF916BEDFEE000F5EA7 /* Shader.h */ = {isa = PBXFileReference; fileEncoding = 4; lastKnownFileType = sourcecode.c.h; path = Shader.h; sourceTree = "<group>"; };
		FADCBAFA16BEDFEE000F5EA7 /* ShaderFile.cpp */ = {isa = PBXFileReference; fileEncoding = 4; lastKnownFileType = sourcecode.cpp.cpp; path = ShaderFile.cpp; sourceTree = "<group>"; };
		FADCBAFB16BEDFEE000F5EA7 /* ShaderFile.h */ = {isa = PBXFileReference; fileEncoding = 4; lastKnownFileType = sourcecode.c.h; path = ShaderFile.h; sourceTree = "<group>"; };
		FADCBAFC16BEDFEE000F5EA7 /* ShaderProgram.cpp */ = {isa = PBXFileReference; fileEncoding = 4; lastKnownFileType = sourcecode.cpp.cpp; path = ShaderProgram.cpp; sourceTree = "<group>"; };
		FADCBAFD16BEDFEE000F5EA7 /* ShaderProgram.h */ = {isa = PBXFileReference; fileEncoding = 4; lastKnownFileType = sourcecode.c.h; path = ShaderProgram.h; sourceTree = "<group>"; };
		FADCBAFF16BEDFEE000F5EA7 /* all_shaders.h */ = {isa = PBXFileReference; fileEncoding = 4; lastKnownFileType = sourcecode.c.h; path = all_shaders.h; sourceTree = "<group>"; };
		FADCBB0016BEDFEE000F5EA7 /* alphaTest.frag */ = {isa = PBXFileReference; fileEncoding = 4; lastKnownFileType = sourcecode.glsl; path = alphaTest.frag; sourceTree = "<group>"; };
		FADCBB0116BEDFEE000F5EA7 /* alphaTest.frag.h */ = {isa = PBXFileReference; fileEncoding = 4; lastKnownFileType = sourcecode.c.h; path = alphaTest.frag.h; sourceTree = "<group>"; };
		FADCBB0216BEDFEE000F5EA7 /* clipPlane.frag */ = {isa = PBXFileReference; fileEncoding = 4; lastKnownFileType = sourcecode.glsl; path = clipPlane.frag; sourceTree = "<group>"; };
		FADCBB0316BEDFEE000F5EA7 /* clipPlane.frag.h */ = {isa = PBXFileReference; fileEncoding = 4; lastKnownFileType = sourcecode.c.h; path = clipPlane.frag.h; sourceTree = "<group>"; };
		FADCBB0416BEDFEE000F5EA7 /* clipPlane.vert */ = {isa = PBXFileReference; fileEncoding = 4; lastKnownFileType = sourcecode.glsl; path = clipPlane.vert; sourceTree = "<group>"; };
		FADCBB0516BEDFEE000F5EA7 /* clipPlane.vert.h */ = {isa = PBXFileReference; fileEncoding = 4; lastKnownFileType = sourcecode.c.h; path = clipPlane.vert.h; sourceTree = "<group>"; };
		FADCBB0616BEDFEE000F5EA7 /* fog.glsl */ = {isa = PBXFileReference; fileEncoding = 4; lastKnownFileType = text; path = fog.glsl; sourceTree = "<group>"; };
		FADCBB0716BEDFEE000F5EA7 /* lighting.frag */ = {isa = PBXFileReference; fileEncoding = 4; lastKnownFileType = sourcecode.glsl; path = lighting.frag; sourceTree = "<group>"; };
		FADCBB0816BEDFEE000F5EA7 /* lighting.frag.h */ = {isa = PBXFileReference; fileEncoding = 4; lastKnownFileType = sourcecode.c.h; path = lighting.frag.h; sourceTree = "<group>"; };
		FADCBB0916BEDFEE000F5EA7 /* lighting.vert */ = {isa = PBXFileReference; fileEncoding = 4; lastKnownFileType = sourcecode.glsl; path = lighting.vert; sourceTree = "<group>"; };
		FADCBB0A16BEDFEE000F5EA7 /* lighting.vert.h */ = {isa = PBXFileReference; fileEncoding = 4; lastKnownFileType = sourcecode.c.h; path = lighting.vert.h; sourceTree = "<group>"; };
		FADCBB0B16BEDFEE000F5EA7 /* lightingPerFragment.frag */ = {isa = PBXFileReference; fileEncoding = 4; lastKnownFileType = sourcecode.glsl; path = lightingPerFragment.frag; sourceTree = "<group>"; };
		FADCBB0C16BEDFEE000F5EA7 /* lightingPerFragment.frag.h */ = {isa = PBXFileReference; fileEncoding = 4; lastKnownFileType = sourcecode.c.h; path = lightingPerFragment.frag.h; sourceTree = "<group>"; };
		FADCBB0D16BEDFEE000F5EA7 /* lightingPerFragment.vert */ = {isa = PBXFileReference; fileEncoding = 4; lastKnownFileType = sourcecode.glsl; path = lightingPerFragment.vert; sourceTree = "<group>"; };
		FADCBB0E16BEDFEE000F5EA7 /* lightingPerFragment.vert.h */ = {isa = PBXFileReference; fileEncoding = 4; lastKnownFileType = sourcecode.c.h; path = lightingPerFragment.vert.h; sourceTree = "<group>"; };
		FADCBB0F16BEDFEE000F5EA7 /* lightingPerVertex.vert */ = {isa = PBXFileReference; fileEncoding = 4; lastKnownFileType = sourcecode.glsl; path = lightingPerVertex.vert; sourceTree = "<group>"; };
		FADCBB1016BEDFEE000F5EA7 /* lightingPerVertex.vert.h */ = {isa = PBXFileReference; fileEncoding = 4; lastKnownFileType = sourcecode.c.h; path = lightingPerVertex.vert.h; sourceTree = "<group>"; };
		FADCBB1116BEDFEE000F5EA7 /* main.frag */ = {isa = PBXFileReference; fileEncoding = 4; lastKnownFileType = sourcecode.glsl; path = main.frag; sourceTree = "<group>"; };
		FADCBB1216BEDFEE000F5EA7 /* main.frag.h */ = {isa = PBXFileReference; fileEncoding = 4; lastKnownFileType = sourcecode.c.h; path = main.frag.h; sourceTree = "<group>"; };
		FADCBB1316BEDFEE000F5EA7 /* main.vert */ = {isa = PBXFileReference; fileEncoding = 4; lastKnownFileType = sourcecode.glsl; path = main.vert; sourceTree = "<group>"; };
		FADCBB1416BEDFEE000F5EA7 /* main.vert.h */ = {isa = PBXFileReference; fileEncoding = 4; lastKnownFileType = sourcecode.c.h; path = main.vert.h; sourceTree = "<group>"; };
		FADCBB1516BEDFEE000F5EA7 /* postprocess.frag */ = {isa = PBXFileReference; fileEncoding = 4; lastKnownFileType = sourcecode.glsl; path = postprocess.frag; sourceTree = "<group>"; };
		FADCBB1616BEDFEE000F5EA7 /* postprocess.frag.h */ = {isa = PBXFileReference; fileEncoding = 4; lastKnownFileType = sourcecode.c.h; path = postprocess.frag.h; sourceTree = "<group>"; };
		FADCBB1716BEDFEE000F5EA7 /* postprocess.vert */ = {isa = PBXFileReference; fileEncoding = 4; lastKnownFileType = sourcecode.glsl; path = postprocess.vert; sourceTree = "<group>"; };
		FADCBB1816BEDFEE000F5EA7 /* postprocess.vert.h */ = {isa = PBXFileReference; fileEncoding = 4; lastKnownFileType = sourcecode.c.h; path = postprocess.vert.h; sourceTree = "<group>"; };
		FADCBB1916BEDFEE000F5EA7 /* texture.frag */ = {isa = PBXFileReference; fileEncoding = 4; lastKnownFileType = sourcecode.glsl; path = texture.frag; sourceTree = "<group>"; };
		FADCBB1A16BEDFEE000F5EA7 /* texture.frag.h */ = {isa = PBXFileReference; fileEncoding = 4; lastKnownFileType = sourcecode.c.h; path = texture.frag.h; sourceTree = "<group>"; };
		FADCBB1B16BEDFEE000F5EA7 /* texture.vert */ = {isa = PBXFileReference; fileEncoding = 4; lastKnownFileType = sourcecode.glsl; path = texture.vert; sourceTree = "<group>"; };
		FADCBB1C16BEDFEE000F5EA7 /* texture.vert.h */ = {isa = PBXFileReference; fileEncoding = 4; lastKnownFileType = sourcecode.c.h; path = texture.vert.h; sourceTree = "<group>"; };
		FADCBB1D16BEDFEE000F5EA7 /* texture0.frag */ = {isa = PBXFileReference; fileEncoding = 4; lastKnownFileType = sourcecode.glsl; path = texture0.frag; sourceTree = "<group>"; };
		FADCBB1E16BEDFEE000F5EA7 /* texture0.frag.h */ = {isa = PBXFileReference; fileEncoding = 4; lastKnownFileType = sourcecode.c.h; path = texture0.frag.h; sourceTree = "<group>"; };
		FADCBB1F16BEDFEE000F5EA7 /* texture0.vert */ = {isa = PBXFileReference; fileEncoding = 4; lastKnownFileType = sourcecode.glsl; path = texture0.vert; sourceTree = "<group>"; };
		FADCBB2016BEDFEE000F5EA7 /* texture0.vert.h */ = {isa = PBXFileReference; fileEncoding = 4; lastKnownFileType = sourcecode.c.h; path = texture0.vert.h; sourceTree = "<group>"; };
		FADCBB2116BEDFEE000F5EA7 /* texture1.frag */ = {isa = PBXFileReference; fileEncoding = 4; lastKnownFileType = sourcecode.glsl; path = texture1.frag; sourceTree = "<group>"; };
		FADCBB2216BEDFEE000F5EA7 /* texture1.frag.h */ = {isa = PBXFileReference; fileEncoding = 4; lastKnownFileType = sourcecode.c.h; path = texture1.frag.h; sourceTree = "<group>"; };
		FADCBB2316BEDFEE000F5EA7 /* texture1.vert */ = {isa = PBXFileReference; fileEncoding = 4; lastKnownFileType = sourcecode.glsl; path = texture1.vert; sourceTree = "<group>"; };
		FADCBB2416BEDFEE000F5EA7 /* texture1.vert.h */ = {isa = PBXFileReference; fileEncoding = 4; lastKnownFileType = sourcecode.c.h; path = texture1.vert.h; sourceTree = "<group>"; };
		FADCBB2516BEDFEE000F5EA7 /* texture2.frag */ = {isa = PBXFileReference; fileEncoding = 4; lastKnownFileType = sourcecode.glsl; path = texture2.frag; sourceTree = "<group>"; };
		FADCBB2616BEDFEE000F5EA7 /* texture2.frag.h */ = {isa = PBXFileReference; fileEncoding = 4; lastKnownFileType = sourcecode.c.h; path = texture2.frag.h; sourceTree = "<group>"; };
		FADCBB2716BEDFEE000F5EA7 /* texture2.vert */ = {isa = PBXFileReference; fileEncoding = 4; lastKnownFileType = sourcecode.glsl; path = texture2.vert; sourceTree = "<group>"; };
		FADCBB2816BEDFEE000F5EA7 /* texture2.vert.h */ = {isa = PBXFileReference; fileEncoding = 4; lastKnownFileType = sourcecode.c.h; path = texture2.vert.h; sourceTree = "<group>"; };
		FADCBB2916BEDFEE000F5EA7 /* ShaderSource.cpp */ = {isa = PBXFileReference; fileEncoding = 4; lastKnownFileType = sourcecode.cpp.cpp; path = ShaderSource.cpp; sourceTree = "<group>"; };
		FADCBB2A16BEDFEE000F5EA7 /* ShaderSource.h */ = {isa = PBXFileReference; fileEncoding = 4; lastKnownFileType = sourcecode.c.h; path = ShaderSource.h; sourceTree = "<group>"; };
		FADCBB2B16BEDFEE000F5EA7 /* Uniform.cpp */ = {isa = PBXFileReference; fileEncoding = 4; lastKnownFileType = sourcecode.cpp.cpp; path = Uniform.cpp; sourceTree = "<group>"; };
		FADCBB2C16BEDFEE000F5EA7 /* Uniform.h */ = {isa = PBXFileReference; fileEncoding = 4; lastKnownFileType = sourcecode.c.h; path = Uniform.h; sourceTree = "<group>"; };
		FADCBB2D16BEDFEE000F5EA7 /* OpenGLESConfig.cpp */ = {isa = PBXFileReference; fileEncoding = 4; lastKnownFileType = sourcecode.cpp.cpp; path = OpenGLESConfig.cpp; sourceTree = "<group>"; };
		FADCBB2E16BEDFEE000F5EA7 /* OpenGLESConfig.h */ = {isa = PBXFileReference; fileEncoding = 4; lastKnownFileType = sourcecode.c.h; path = OpenGLESConfig.h; sourceTree = "<group>"; };
		FADCBB2F16BEDFEE000F5EA7 /* OpenGLESContext.cpp */ = {isa = PBXFileReference; fileEncoding = 4; lastKnownFileType = sourcecode.cpp.cpp; path = OpenGLESContext.cpp; sourceTree = "<group>"; };
		FADCBB3016BEDFEE000F5EA7 /* OpenGLESContext.h */ = {isa = PBXFileReference; fileEncoding = 4; lastKnownFileType = sourcecode.c.h; path = OpenGLESContext.h; sourceTree = "<group>"; };
		FADCBB3116BEDFEE000F5EA7 /* OpenGLESFile.cpp */ = {isa = PBXFileReference; fileEncoding = 4; lastKnownFileType = sourcecode.cpp.cpp; path = OpenGLESFile.cpp; sourceTree = "<group>"; };
		FADCBB3216BEDFEE000F5EA7 /* OpenGLESFile.h */ = {isa = PBXFileReference; fileEncoding = 4; lastKnownFileType = sourcecode.c.h; path = OpenGLESFile.h; sourceTree = "<group>"; };
		FADCBB3316BEDFEE000F5EA7 /* OpenGLESImplementation.cpp */ = {isa = PBXFileReference; fileEncoding = 4; lastKnownFileType = sourcecode.cpp.cpp; path = OpenGLESImplementation.cpp; sourceTree = "<group>"; };
		FADCBB3416BEDFEE000F5EA7 /* OpenGLESImplementation.h */ = {isa = PBXFileReference; fileEncoding = 4; lastKnownFileType = sourcecode.c.h; path = OpenGLESImplementation.h; sourceTree = "<group>"; };
		FADCBB3516BEDFEE000F5EA7 /* OpenGLESMath.h */ = {isa = PBXFileReference; fileEncoding = 4; lastKnownFileType = sourcecode.c.h; path = OpenGLESMath.h; sourceTree = "<group>"; };
		FADCBB3616BEDFEE000F5EA7 /* OpenGLESString.cpp */ = {isa = PBXFileReference; fileEncoding = 4; lastKnownFileType = sourcecode.cpp.cpp; path = OpenGLESString.cpp; sourceTree = "<group>"; };
		FADCBB3716BEDFEE000F5EA7 /* OpenGLESString.h */ = {isa = PBXFileReference; fileEncoding = 4; lastKnownFileType = sourcecode.c.h; path = OpenGLESString.h; sourceTree = "<group>"; };
		FADCBB3816BEDFEE000F5EA7 /* OpenGLESUtil.cpp */ = {isa = PBXFileReference; fileEncoding = 4; lastKnownFileType = sourcecode.cpp.cpp; path = OpenGLESUtil.cpp; sourceTree = "<group>"; };
		FADCBB3916BEDFEE000F5EA7 /* OpenGLESUtil.h */ = {isa = PBXFileReference; fileEncoding = 4; lastKnownFileType = sourcecode.c.h; path = OpenGLESUtil.h; sourceTree = "<group>"; };
		FADCBB8F16BEE095000F5EA7 /* OpenGLESPlatform.h */ = {isa = PBXFileReference; lastKnownFileType = sourcecode.c.h; path = OpenGLESPlatform.h; sourceTree = "<group>"; };
/* End PBXFileReference section */

/* Begin PBXFrameworksBuildPhase section */
		D289987405E68DCB004EDB86 /* Frameworks */ = {
			isa = PBXFrameworksBuildPhase;
			buildActionMask = 2147483647;
			files = (
				3E80D8EB15FA6BBA0032D10D /* boost.framework in Frameworks */,
			);
			runOnlyForDeploymentPostprocessing = 0;
		};
/* End PBXFrameworksBuildPhase section */

/* Begin PBXGroup section */
		08FB7794FE84155DC02AAC07 /* MonkVG-OSX */ = {
			isa = PBXGroup;
			children = (
				FADCBAD616BEDFEE000F5EA7 /* thirdparty */,
				C6A0FF2B0290797F04C91782 /* Documentation */,
				3E80D90615FA6C320032D10D /* Frameworks */,
				FA0B194F126F8CDF00550DCC /* include */,
				1AB674ADFE9D54B511CA2CBB /* Products */,
				FA0B18CE126F8C5A00550DCC /* Source */,
			);
			name = "MonkVG-OSX";
			sourceTree = "<group>";
		};
		1AB674ADFE9D54B511CA2CBB /* Products */ = {
			isa = PBXGroup;
			children = (
				D2AAC046055464E500DB518D /* libMonkVG-OSX.a */,
			);
			name = Products;
			sourceTree = "<group>";
		};
		3E80D90615FA6C320032D10D /* Frameworks */ = {
			isa = PBXGroup;
			children = (
				3E80D8EA15FA6BBA0032D10D /* boost.framework */,
			);
			name = Frameworks;
			sourceTree = "<group>";
		};
		C6A0FF2B0290797F04C91782 /* Documentation */ = {
			isa = PBXGroup;
			children = (
			);
			name = Documentation;
			sourceTree = "<group>";
		};
		FA0B18CE126F8C5A00550DCC /* Source */ = {
			isa = PBXGroup;
			children = (
				3E80D8EC15FA6C0C0032D10D /* mkBatch.cpp */,
				3E80D8ED15FA6C0C0032D10D /* mkBatch.h */,
				3E80D8EE15FA6C0C0032D10D /* mkFont.cpp */,
				3E80D8EF15FA6C0C0032D10D /* mkFont.h */,
				3E80D8F015FA6C0C0032D10D /* mkImage.cpp */,
				3E80D8F115FA6C0C0032D10D /* mkImage.h */,
				FA0B18CF126F8C5A00550DCC /* mkBaseObject.cpp */,
				FA0B18D0126F8C5A00550DCC /* mkBaseObject.h */,
				FA0B18D1126F8C5A00550DCC /* mkCommon.h */,
				FA0B18D2126F8C5A00550DCC /* mkContext.cpp */,
				FA0B18D3126F8C5A00550DCC /* mkContext.h */,
				FA0B18D4126F8C5A00550DCC /* mkMath.cpp */,
				FA0B18D5126F8C5A00550DCC /* mkMath.h */,
				FA0B18D6126F8C5A00550DCC /* mkPaint.cpp */,
				FA0B18D7126F8C5A00550DCC /* mkPaint.h */,
				FA0B18D8126F8C5A00550DCC /* mkParameter.cpp */,
				FA0B18D9126F8C5A00550DCC /* mkPath.cpp */,
				FA0B18DA126F8C5A00550DCC /* mkPath.h */,
				FA0B18DB126F8C5A00550DCC /* mkVGU.cpp */,
				FA0B18DC126F8C5A00550DCC /* opengl */,
			);
			name = Source;
			sourceTree = "<group>";
		};
		FA0B18DC126F8C5A00550DCC /* opengl */ = {
			isa = PBXGroup;
			children = (
				3E80D8F815FA6C170032D10D /* glBatch.cpp */,
				3E80D8F915FA6C170032D10D /* glBatch.h */,
				3E80D8FA15FA6C170032D10D /* glFont.cpp */,
				3E80D8FB15FA6C170032D10D /* glFont.h */,
				3E80D8FC15FA6C170032D10D /* glImage.cpp */,
				3E80D8FD15FA6C170032D10D /* glImage.h */,
				3E80D8FE15FA6C170032D10D /* glPlatform.h */,
				FA0B1902126F8C5A00550DCC /* glContext.cpp */,
				FA0B1903126F8C5A00550DCC /* glContext.h */,
				FA0B1904126F8C5A00550DCC /* glPaint.cpp */,
				FA0B1905126F8C5A00550DCC /* glPaint.h */,
				FA0B1906126F8C5A00550DCC /* glPath.cpp */,
				FA0B1907126F8C5A00550DCC /* glPath.h */,
			);
			name = opengl;
			path = ../../src/opengl;
			sourceTree = SOURCE_ROOT;
		};
		FA0B194F126F8CDF00550DCC /* include */ = {
			isa = PBXGroup;
			children = (
				FA0B1950126F8CE000550DCC /* VG */,
			);
			name = include;
			path = ../../include;
			sourceTree = SOURCE_ROOT;
		};
		FA0B1950126F8CE000550DCC /* VG */ = {
			isa = PBXGroup;
			children = (
				FA0B1951126F8CE000550DCC /* openvg.h */,
				FA0B1952126F8CE000550DCC /* vgext.h */,
				FA0B1953126F8CE000550DCC /* vgplatform.h */,
				FA0B1954126F8CE000550DCC /* vgu.h */,
			);
			name = VG;
			path = MonkVG;
			sourceTree = "<group>";
		};
		FADCBAD616BEDFEE000F5EA7 /* thirdparty */ = {
			isa = PBXGroup;
			children = (
				FADCBADB16BEDFEE000F5EA7 /* gles2-bc */,
			);
			name = thirdparty;
			path = ../../thirdparty;
			sourceTree = "<group>";
		};
		FADCBADB16BEDFEE000F5EA7 /* gles2-bc */ = {
			isa = PBXGroup;
			children = (
				FADCBAE616BEDFEE000F5EA7 /* Sources */,
			);
			path = "gles2-bc";
			sourceTree = "<group>";
		};
		FADCBAE616BEDFEE000F5EA7 /* Sources */ = {
			isa = PBXGroup;
			children = (
				FADCBAE716BEDFEE000F5EA7 /* OpenGLES */,
			);
			path = Sources;
			sourceTree = "<group>";
		};
		FADCBAE716BEDFEE000F5EA7 /* OpenGLES */ = {
			isa = PBXGroup;
			children = (
				FADCBAE816BEDFEE000F5EA7 /* OpenGLES11 */,
				FADCBAED16BEDFEE000F5EA7 /* OpenGLES20 */,
				FADCBB2D16BEDFEE000F5EA7 /* OpenGLESConfig.cpp */,
				FADCBB2E16BEDFEE000F5EA7 /* OpenGLESConfig.h */,
				FADCBB2F16BEDFEE000F5EA7 /* OpenGLESContext.cpp */,
				FADCBB3016BEDFEE000F5EA7 /* OpenGLESContext.h */,
				FADCBB3116BEDFEE000F5EA7 /* OpenGLESFile.cpp */,
				FADCBB3216BEDFEE000F5EA7 /* OpenGLESFile.h */,
				FADCBB3316BEDFEE000F5EA7 /* OpenGLESImplementation.cpp */,
				FADCBB3416BEDFEE000F5EA7 /* OpenGLESImplementation.h */,
				FADCBB3516BEDFEE000F5EA7 /* OpenGLESMath.h */,
				FADCBB3616BEDFEE000F5EA7 /* OpenGLESString.cpp */,
				FADCBB3716BEDFEE000F5EA7 /* OpenGLESString.h */,
				FADCBB3816BEDFEE000F5EA7 /* OpenGLESUtil.cpp */,
				FADCBB3916BEDFEE000F5EA7 /* OpenGLESUtil.h */,
				FADCBB8F16BEE095000F5EA7 /* OpenGLESPlatform.h */,
			);
			path = OpenGLES;
			sourceTree = "<group>";
		};
		FADCBAE816BEDFEE000F5EA7 /* OpenGLES11 */ = {
			isa = PBXGroup;
			children = (
				FADCBAE916BEDFEE000F5EA7 /* OpenGLES11Context.cpp */,
				FADCBAEA16BEDFEE000F5EA7 /* OpenGLES11Context.h */,
				FADCBAEB16BEDFEE000F5EA7 /* OpenGLES11Implementation.cpp */,
				FADCBAEC16BEDFEE000F5EA7 /* OpenGLES11Implementation.h */,
			);
			path = OpenGLES11;
			sourceTree = "<group>";
		};
		FADCBAED16BEDFEE000F5EA7 /* OpenGLES20 */ = {
			isa = PBXGroup;
			children = (
				FADCBAEE16BEDFEE000F5EA7 /* Attribute.cpp */,
				FADCBAEF16BEDFEE000F5EA7 /* Attribute.h */,
				FADCBAF016BEDFEE000F5EA7 /* MatrixStack.cpp */,
				FADCBAF116BEDFEE000F5EA7 /* MatrixStack.h */,
				FADCBAF216BEDFEE000F5EA7 /* OpenGLES20Context.cpp */,
				FADCBAF316BEDFEE000F5EA7 /* OpenGLES20Context.h */,
				FADCBAF416BEDFEE000F5EA7 /* OpenGLES20Implementation.cpp */,
				FADCBAF516BEDFEE000F5EA7 /* OpenGLES20Implementation.h */,
				FADCBAF616BEDFEE000F5EA7 /* OpenGLESState.cpp */,
				FADCBAF716BEDFEE000F5EA7 /* OpenGLESState.h */,
				FADCBAF816BEDFEE000F5EA7 /* Shader.cpp */,
				FADCBAF916BEDFEE000F5EA7 /* Shader.h */,
				FADCBAFA16BEDFEE000F5EA7 /* ShaderFile.cpp */,
				FADCBAFB16BEDFEE000F5EA7 /* ShaderFile.h */,
				FADCBAFC16BEDFEE000F5EA7 /* ShaderProgram.cpp */,
				FADCBAFD16BEDFEE000F5EA7 /* ShaderProgram.h */,
				FADCBAFE16BEDFEE000F5EA7 /* shaders */,
				FADCBB2916BEDFEE000F5EA7 /* ShaderSource.cpp */,
				FADCBB2A16BEDFEE000F5EA7 /* ShaderSource.h */,
				FADCBB2B16BEDFEE000F5EA7 /* Uniform.cpp */,
				FADCBB2C16BEDFEE000F5EA7 /* Uniform.h */,
			);
			path = OpenGLES20;
			sourceTree = "<group>";
		};
		FADCBAFE16BEDFEE000F5EA7 /* shaders */ = {
			isa = PBXGroup;
			children = (
				FADCBAFF16BEDFEE000F5EA7 /* all_shaders.h */,
				FADCBB0016BEDFEE000F5EA7 /* alphaTest.frag */,
				FADCBB0116BEDFEE000F5EA7 /* alphaTest.frag.h */,
				FADCBB0216BEDFEE000F5EA7 /* clipPlane.frag */,
				FADCBB0316BEDFEE000F5EA7 /* clipPlane.frag.h */,
				FADCBB0416BEDFEE000F5EA7 /* clipPlane.vert */,
				FADCBB0516BEDFEE000F5EA7 /* clipPlane.vert.h */,
				FADCBB0616BEDFEE000F5EA7 /* fog.glsl */,
				FADCBB0716BEDFEE000F5EA7 /* lighting.frag */,
				FADCBB0816BEDFEE000F5EA7 /* lighting.frag.h */,
				FADCBB0916BEDFEE000F5EA7 /* lighting.vert */,
				FADCBB0A16BEDFEE000F5EA7 /* lighting.vert.h */,
				FADCBB0B16BEDFEE000F5EA7 /* lightingPerFragment.frag */,
				FADCBB0C16BEDFEE000F5EA7 /* lightingPerFragment.frag.h */,
				FADCBB0D16BEDFEE000F5EA7 /* lightingPerFragment.vert */,
				FADCBB0E16BEDFEE000F5EA7 /* lightingPerFragment.vert.h */,
				FADCBB0F16BEDFEE000F5EA7 /* lightingPerVertex.vert */,
				FADCBB1016BEDFEE000F5EA7 /* lightingPerVertex.vert.h */,
				FADCBB1116BEDFEE000F5EA7 /* main.frag */,
				FADCBB1216BEDFEE000F5EA7 /* main.frag.h */,
				FADCBB1316BEDFEE000F5EA7 /* main.vert */,
				FADCBB1416BEDFEE000F5EA7 /* main.vert.h */,
				FADCBB1516BEDFEE000F5EA7 /* postprocess.frag */,
				FADCBB1616BEDFEE000F5EA7 /* postprocess.frag.h */,
				FADCBB1716BEDFEE000F5EA7 /* postprocess.vert */,
				FADCBB1816BEDFEE000F5EA7 /* postprocess.vert.h */,
				FADCBB1916BEDFEE000F5EA7 /* texture.frag */,
				FADCBB1A16BEDFEE000F5EA7 /* texture.frag.h */,
				FADCBB1B16BEDFEE000F5EA7 /* texture.vert */,
				FADCBB1C16BEDFEE000F5EA7 /* texture.vert.h */,
				FADCBB1D16BEDFEE000F5EA7 /* texture0.frag */,
				FADCBB1E16BEDFEE000F5EA7 /* texture0.frag.h */,
				FADCBB1F16BEDFEE000F5EA7 /* texture0.vert */,
				FADCBB2016BEDFEE000F5EA7 /* texture0.vert.h */,
				FADCBB2116BEDFEE000F5EA7 /* texture1.frag */,
				FADCBB2216BEDFEE000F5EA7 /* texture1.frag.h */,
				FADCBB2316BEDFEE000F5EA7 /* texture1.vert */,
				FADCBB2416BEDFEE000F5EA7 /* texture1.vert.h */,
				FADCBB2516BEDFEE000F5EA7 /* texture2.frag */,
				FADCBB2616BEDFEE000F5EA7 /* texture2.frag.h */,
				FADCBB2716BEDFEE000F5EA7 /* texture2.vert */,
				FADCBB2816BEDFEE000F5EA7 /* texture2.vert.h */,
			);
			path = shaders;
			sourceTree = "<group>";
		};
/* End PBXGroup section */

/* Begin PBXHeadersBuildPhase section */
		D2AAC043055464E500DB518D /* Headers */ = {
			isa = PBXHeadersBuildPhase;
			buildActionMask = 2147483647;
			files = (
				FA0B1955126F8CE000550DCC /* openvg.h in Headers */,
				FA0B1956126F8CE000550DCC /* vgext.h in Headers */,
				FA0B1957126F8CE000550DCC /* vgplatform.h in Headers */,
				FA0B1958126F8CE000550DCC /* vgu.h in Headers */,
				3E80D8F315FA6C0C0032D10D /* mkBatch.h in Headers */,
				3E80D8F515FA6C0C0032D10D /* mkFont.h in Headers */,
				3E80D8F715FA6C0C0032D10D /* mkImage.h in Headers */,
				FA0B1910126F8C5A00550DCC /* mkBaseObject.h in Headers */,
				FA0B1911126F8C5A00550DCC /* mkCommon.h in Headers */,
				FA0B1913126F8C5A00550DCC /* mkContext.h in Headers */,
				FA0B1915126F8C5A00550DCC /* mkMath.h in Headers */,
				FA0B1917126F8C5A00550DCC /* mkPaint.h in Headers */,
				FA0B191A126F8C5A00550DCC /* mkPath.h in Headers */,
				FA0B193C126F8C5A00550DCC /* glContext.h in Headers */,
				FA0B193E126F8C5A00550DCC /* glPaint.h in Headers */,
				FA0B1940126F8C5A00550DCC /* glPath.h in Headers */,
				3E80D90015FA6C170032D10D /* glBatch.h in Headers */,
				3E80D90215FA6C170032D10D /* glFont.h in Headers */,
				3E80D90415FA6C170032D10D /* glImage.h in Headers */,
				3E80D90515FA6C170032D10D /* glPlatform.h in Headers */,
				FADCBB4216BEDFEE000F5EA7 /* OpenGLES11Context.h in Headers */,
				FADCBB4416BEDFEE000F5EA7 /* OpenGLES11Implementation.h in Headers */,
				FADCBB4616BEDFEE000F5EA7 /* Attribute.h in Headers */,
				FADCBB4816BEDFEE000F5EA7 /* MatrixStack.h in Headers */,
				FADCBB4A16BEDFEE000F5EA7 /* OpenGLES20Context.h in Headers */,
				FADCBB4C16BEDFEE000F5EA7 /* OpenGLES20Implementation.h in Headers */,
				FADCBB4E16BEDFEE000F5EA7 /* OpenGLESState.h in Headers */,
				FADCBB5016BEDFEE000F5EA7 /* Shader.h in Headers */,
				FADCBB5216BEDFEE000F5EA7 /* ShaderFile.h in Headers */,
				FADCBB5416BEDFEE000F5EA7 /* ShaderProgram.h in Headers */,
				FADCBB5516BEDFEE000F5EA7 /* all_shaders.h in Headers */,
				FADCBB5716BEDFEE000F5EA7 /* alphaTest.frag.h in Headers */,
				FADCBB5916BEDFEE000F5EA7 /* clipPlane.frag.h in Headers */,
				FADCBB5B16BEDFEE000F5EA7 /* clipPlane.vert.h in Headers */,
				FADCBB5D16BEDFEE000F5EA7 /* lighting.frag.h in Headers */,
				FADCBB5F16BEDFEE000F5EA7 /* lighting.vert.h in Headers */,
				FADCBB6116BEDFEE000F5EA7 /* lightingPerFragment.frag.h in Headers */,
				FADCBB6316BEDFEE000F5EA7 /* lightingPerFragment.vert.h in Headers */,
				FADCBB6516BEDFEE000F5EA7 /* lightingPerVertex.vert.h in Headers */,
				FADCBB6716BEDFEE000F5EA7 /* main.frag.h in Headers */,
				FADCBB6916BEDFEE000F5EA7 /* main.vert.h in Headers */,
				FADCBB6B16BEDFEE000F5EA7 /* postprocess.frag.h in Headers */,
				FADCBB6D16BEDFEE000F5EA7 /* postprocess.vert.h in Headers */,
				FADCBB6F16BEDFEE000F5EA7 /* texture.frag.h in Headers */,
				FADCBB7116BEDFEE000F5EA7 /* texture.vert.h in Headers */,
				FADCBB7316BEDFEE000F5EA7 /* texture0.frag.h in Headers */,
				FADCBB7516BEDFEE000F5EA7 /* texture0.vert.h in Headers */,
				FADCBB7716BEDFEE000F5EA7 /* texture1.frag.h in Headers */,
				FADCBB7916BEDFEE000F5EA7 /* texture1.vert.h in Headers */,
				FADCBB7B16BEDFEE000F5EA7 /* texture2.frag.h in Headers */,
				FADCBB7D16BEDFEE000F5EA7 /* texture2.vert.h in Headers */,
				FADCBB7F16BEDFEE000F5EA7 /* ShaderSource.h in Headers */,
				FADCBB8116BEDFEE000F5EA7 /* Uniform.h in Headers */,
				FADCBB8316BEDFEE000F5EA7 /* OpenGLESConfig.h in Headers */,
				FADCBB8516BEDFEE000F5EA7 /* OpenGLESContext.h in Headers */,
				FADCBB8716BEDFEE000F5EA7 /* OpenGLESFile.h in Headers */,
				FADCBB8916BEDFEE000F5EA7 /* OpenGLESImplementation.h in Headers */,
				FADCBB8A16BEDFEE000F5EA7 /* OpenGLESMath.h in Headers */,
				FADCBB8C16BEDFEE000F5EA7 /* OpenGLESString.h in Headers */,
				FADCBB8E16BEDFEE000F5EA7 /* OpenGLESUtil.h in Headers */,
			);
			runOnlyForDeploymentPostprocessing = 0;
		};
/* End PBXHeadersBuildPhase section */

/* Begin PBXNativeTarget section */
		D2AAC045055464E500DB518D /* MonkVG-OSX */ = {
			isa = PBXNativeTarget;
			buildConfigurationList = 1DEB91EB08733DB70010E9CD /* Build configuration list for PBXNativeTarget "MonkVG-OSX" */;
			buildPhases = (
				D2AAC043055464E500DB518D /* Headers */,
				D2AAC044055464E500DB518D /* Sources */,
				D289987405E68DCB004EDB86 /* Frameworks */,
			);
			buildRules = (
			);
			dependencies = (
			);
			name = "MonkVG-OSX";
			productName = "MonkVG-OSX";
			productReference = D2AAC046055464E500DB518D /* libMonkVG-OSX.a */;
			productType = "com.apple.product-type.library.static";
		};
/* End PBXNativeTarget section */

/* Begin PBXProject section */
		08FB7793FE84155DC02AAC07 /* Project object */ = {
			isa = PBXProject;
			buildConfigurationList = 1DEB91EF08733DB70010E9CD /* Build configuration list for PBXProject "MonkVG-OSX" */;
			compatibilityVersion = "Xcode 3.1";
			developmentRegion = English;
			hasScannedForEncodings = 1;
			knownRegions = (
				English,
				Japanese,
				French,
				German,
			);
			mainGroup = 08FB7794FE84155DC02AAC07 /* MonkVG-OSX */;
			projectDirPath = "";
			projectRoot = "";
			targets = (
				D2AAC045055464E500DB518D /* MonkVG-OSX */,
			);
		};
/* End PBXProject section */

/* Begin PBXSourcesBuildPhase section */
		D2AAC044055464E500DB518D /* Sources */ = {
			isa = PBXSourcesBuildPhase;
			buildActionMask = 2147483647;
			files = (
				FA0B190F126F8C5A00550DCC /* mkBaseObject.cpp in Sources */,
				FA0B1912126F8C5A00550DCC /* mkContext.cpp in Sources */,
				FA0B1914126F8C5A00550DCC /* mkMath.cpp in Sources */,
				FA0B1916126F8C5A00550DCC /* mkPaint.cpp in Sources */,
				FA0B1918126F8C5A00550DCC /* mkParameter.cpp in Sources */,
				FA0B1919126F8C5A00550DCC /* mkPath.cpp in Sources */,
				FA0B191B126F8C5A00550DCC /* mkVGU.cpp in Sources */,
				FA0B193B126F8C5A00550DCC /* glContext.cpp in Sources */,
				FA0B193D126F8C5A00550DCC /* glPaint.cpp in Sources */,
				FA0B193F126F8C5A00550DCC /* glPath.cpp in Sources */,
				3E80D8F215FA6C0C0032D10D /* mkBatch.cpp in Sources */,
				3E80D8F415FA6C0C0032D10D /* mkFont.cpp in Sources */,
				3E80D8F615FA6C0C0032D10D /* mkImage.cpp in Sources */,
				3E80D8FF15FA6C170032D10D /* glBatch.cpp in Sources */,
				3E80D90115FA6C170032D10D /* glFont.cpp in Sources */,
				3E80D90315FA6C170032D10D /* glImage.cpp in Sources */,
				FADCBB4116BEDFEE000F5EA7 /* OpenGLES11Context.cpp in Sources */,
				FADCBB4316BEDFEE000F5EA7 /* OpenGLES11Implementation.cpp in Sources */,
				FADCBB4516BEDFEE000F5EA7 /* Attribute.cpp in Sources */,
				FADCBB4716BEDFEE000F5EA7 /* MatrixStack.cpp in Sources */,
				FADCBB4916BEDFEE000F5EA7 /* OpenGLES20Context.cpp in Sources */,
				FADCBB4B16BEDFEE000F5EA7 /* OpenGLES20Implementation.cpp in Sources */,
				FADCBB4D16BEDFEE000F5EA7 /* OpenGLESState.cpp in Sources */,
				FADCBB4F16BEDFEE000F5EA7 /* Shader.cpp in Sources */,
				FADCBB5116BEDFEE000F5EA7 /* ShaderFile.cpp in Sources */,
				FADCBB5316BEDFEE000F5EA7 /* ShaderProgram.cpp in Sources */,
				FADCBB5616BEDFEE000F5EA7 /* alphaTest.frag in Sources */,
				FADCBB5816BEDFEE000F5EA7 /* clipPlane.frag in Sources */,
				FADCBB5A16BEDFEE000F5EA7 /* clipPlane.vert in Sources */,
				FADCBB5C16BEDFEE000F5EA7 /* lighting.frag in Sources */,
				FADCBB5E16BEDFEE000F5EA7 /* lighting.vert in Sources */,
				FADCBB6016BEDFEE000F5EA7 /* lightingPerFragment.frag in Sources */,
				FADCBB6216BEDFEE000F5EA7 /* lightingPerFragment.vert in Sources */,
				FADCBB6416BEDFEE000F5EA7 /* lightingPerVertex.vert in Sources */,
				FADCBB6616BEDFEE000F5EA7 /* main.frag in Sources */,
				FADCBB6816BEDFEE000F5EA7 /* main.vert in Sources */,
				FADCBB6A16BEDFEE000F5EA7 /* postprocess.frag in Sources */,
				FADCBB6C16BEDFEE000F5EA7 /* postprocess.vert in Sources */,
				FADCBB6E16BEDFEE000F5EA7 /* texture.frag in Sources */,
				FADCBB7016BEDFEE000F5EA7 /* texture.vert in Sources */,
				FADCBB7216BEDFEE000F5EA7 /* texture0.frag in Sources */,
				FADCBB7416BEDFEE000F5EA7 /* texture0.vert in Sources */,
				FADCBB7616BEDFEE000F5EA7 /* texture1.frag in Sources */,
				FADCBB7816BEDFEE000F5EA7 /* texture1.vert in Sources */,
				FADCBB7A16BEDFEE000F5EA7 /* texture2.frag in Sources */,
				FADCBB7C16BEDFEE000F5EA7 /* texture2.vert in Sources */,
				FADCBB7E16BEDFEE000F5EA7 /* ShaderSource.cpp in Sources */,
				FADCBB8016BEDFEE000F5EA7 /* Uniform.cpp in Sources */,
				FADCBB8216BEDFEE000F5EA7 /* OpenGLESConfig.cpp in Sources */,
				FADCBB8416BEDFEE000F5EA7 /* OpenGLESContext.cpp in Sources */,
				FADCBB8616BEDFEE000F5EA7 /* OpenGLESFile.cpp in Sources */,
				FADCBB8816BEDFEE000F5EA7 /* OpenGLESImplementation.cpp in Sources */,
				FADCBB8B16BEDFEE000F5EA7 /* OpenGLESString.cpp in Sources */,
				FADCBB8D16BEDFEE000F5EA7 /* OpenGLESUtil.cpp in Sources */,
			);
			runOnlyForDeploymentPostprocessing = 0;
		};
/* End PBXSourcesBuildPhase section */

/* Begin XCBuildConfiguration section */
		1DEB91EC08733DB70010E9CD /* Debug */ = {
			isa = XCBuildConfiguration;
			buildSettings = {
				ALWAYS_SEARCH_USER_PATHS = NO;
				ARCHS = "$(NATIVE_ARCH_ACTUAL)";
				COPY_PHASE_STRIP = NO;
				FRAMEWORK_SEARCH_PATHS = (
					"$(inherited)",
					"\"$(SRCROOT)/../../Frameworks\"",
				);
				GCC_DYNAMIC_NO_PIC = NO;
				GCC_ENABLE_FIX_AND_CONTINUE = YES;
				GCC_MODEL_TUNING = G5;
				GCC_OPTIMIZATION_LEVEL = 0;
				INSTALL_PATH = /usr/local/lib;
				PRODUCT_NAME = "MonkVG-OSX";
				PUBLIC_HEADERS_FOLDER_PATH = include/MonkVG;
				SDKROOT = "";
			};
			name = Debug;
		};
		1DEB91ED08733DB70010E9CD /* Release */ = {
			isa = XCBuildConfiguration;
			buildSettings = {
				ALWAYS_SEARCH_USER_PATHS = NO;
				ARCHS = "$(NATIVE_ARCH_ACTUAL)";
				DEBUG_INFORMATION_FORMAT = "dwarf-with-dsym";
				FRAMEWORK_SEARCH_PATHS = (
					"$(inherited)",
					"\"$(SRCROOT)/../../Frameworks\"",
				);
				GCC_MODEL_TUNING = G5;
				INSTALL_PATH = /usr/local/lib;
				PRODUCT_NAME = "MonkVG-OSX";
				PUBLIC_HEADERS_FOLDER_PATH = include/MonkVG;
				SDKROOT = "";
			};
			name = Release;
		};
		1DEB91F008733DB70010E9CD /* Debug */ = {
			isa = XCBuildConfiguration;
			buildSettings = {
				ARCHS = "$(ARCHS_STANDARD_32_BIT)";
				GCC_C_LANGUAGE_STANDARD = gnu99;
				GCC_OPTIMIZATION_LEVEL = 0;
				GCC_WARN_ABOUT_RETURN_TYPE = YES;
				GCC_WARN_UNUSED_VARIABLE = YES;
				ONLY_ACTIVE_ARCH = YES;
				PREBINDING = NO;
				SDKROOT = macosx10.6;
			};
			name = Debug;
		};
		1DEB91F108733DB70010E9CD /* Release */ = {
			isa = XCBuildConfiguration;
			buildSettings = {
				ARCHS = "$(ARCHS_STANDARD_32_BIT)";
				GCC_C_LANGUAGE_STANDARD = gnu99;
				GCC_WARN_ABOUT_RETURN_TYPE = YES;
				GCC_WARN_UNUSED_VARIABLE = YES;
				PREBINDING = NO;
				SDKROOT = macosx10.6;
			};
			name = Release;
		};
/* End XCBuildConfiguration section */

/* Begin XCConfigurationList section */
		1DEB91EB08733DB70010E9CD /* Build configuration list for PBXNativeTarget "MonkVG-OSX" */ = {
			isa = XCConfigurationList;
			buildConfigurations = (
				1DEB91EC08733DB70010E9CD /* Debug */,
				1DEB91ED08733DB70010E9CD /* Release */,
			);
			defaultConfigurationIsVisible = 0;
			defaultConfigurationName = Release;
		};
		1DEB91EF08733DB70010E9CD /* Build configuration list for PBXProject "MonkVG-OSX" */ = {
			isa = XCConfigurationList;
			buildConfigurations = (
				1DEB91F008733DB70010E9CD /* Debug */,
				1DEB91F108733DB70010E9CD /* Release */,
			);
			defaultConfigurationIsVisible = 0;
			defaultConfigurationName = Release;
		};
/* End XCConfigurationList section */
	};
	rootObject = 08FB7793FE84155DC02AAC07 /* Project object */;
}
