// !$*UTF8*$!
{
	archiveVersion = 1;
	classes = {
	};
	objectVersion = 45;
	objects = {

/* Begin PBXBuildFile section */
		1D3623260D0F684500981E51 /* MonkVG_Test_iOS_OpenGLAppDelegate.m in Sources */ = {isa = PBXBuildFile; fileRef = 1D3623250D0F684500981E51 /* MonkVG_Test_iOS_OpenGLAppDelegate.m */; };
		1D60589B0D05DD56006BFB54 /* main.m in Sources */ = {isa = PBXBuildFile; fileRef = 29B97316FDCFA39411CA2CEA /* main.m */; };
		1D60589F0D05DD5A006BFB54 /* Foundation.framework in Frameworks */ = {isa = PBXBuildFile; fileRef = 1D30AB110D05D00D00671497 /* Foundation.framework */; };
		1DF5F4E00D08C38300B7A737 /* UIKit.framework in Frameworks */ = {isa = PBXBuildFile; fileRef = 1DF5F4DF0D08C38300B7A737 /* UIKit.framework */; };
		2514C27210084DB100A42282 /* ES1Renderer.mm in Sources */ = {isa = PBXBuildFile; fileRef = 2514C26E10084DB100A42282 /* ES1Renderer.mm */; };
		2514C27310084DB100A42282 /* ES2Renderer.m in Sources */ = {isa = PBXBuildFile; fileRef = 2514C27010084DB100A42282 /* ES2Renderer.m */; };
		2514C27B10084DCA00A42282 /* Shader.fsh in Resources */ = {isa = PBXBuildFile; fileRef = 2514C27910084DCA00A42282 /* Shader.fsh */; };
		2514C27C10084DCA00A42282 /* Shader.vsh in Resources */ = {isa = PBXBuildFile; fileRef = 2514C27A10084DCA00A42282 /* Shader.vsh */; };
		28AD733F0D9D9553002E5188 /* MainWindow.xib in Resources */ = {isa = PBXBuildFile; fileRef = 28AD733E0D9D9553002E5188 /* MainWindow.xib */; };
		28FD14FE0DC6FC130079059D /* EAGLView.m in Sources */ = {isa = PBXBuildFile; fileRef = 28FD14FD0DC6FC130079059D /* EAGLView.m */; };
		28FD15000DC6FC520079059D /* OpenGLES.framework in Frameworks */ = {isa = PBXBuildFile; fileRef = 28FD14FF0DC6FC520079059D /* OpenGLES.framework */; };
		28FD15080DC6FC5B0079059D /* QuartzCore.framework in Frameworks */ = {isa = PBXBuildFile; fileRef = 28FD15070DC6FC5B0079059D /* QuartzCore.framework */; };
		FA08A7AE1228420A00F0EB21 /* square.svg in Resources */ = {isa = PBXBuildFile; fileRef = FA08A7AD1228420A00F0EB21 /* square.svg */; };
		FA9B04E413BACA2D0048E1C0 /* delorean.png in Resources */ = {isa = PBXBuildFile; fileRef = FA9B04E313BACA2D0048E1C0 /* delorean.png */; };
		FAA5DB9D13BCECC200326F9D /* testfont.png in Resources */ = {isa = PBXBuildFile; fileRef = FAA5DB9C13BCECC200326F9D /* testfont.png */; };
		FAA5DBA013BCEF5300326F9D /* MainWindow-iPad.xib in Resources */ = {isa = PBXBuildFile; fileRef = FAA5DB9F13BCEF5300326F9D /* MainWindow-iPad.xib */; };
		FAA5DBA213BCF40F00326F9D /* testfont.fnt in Resources */ = {isa = PBXBuildFile; fileRef = FAA5DBA113BCF40F00326F9D /* testfont.fnt */; };
		FAA8ECAE13C66A5C00D4B4FC /* arial.png in Resources */ = {isa = PBXBuildFile; fileRef = FAA8ECAC13C66A5C00D4B4FC /* arial.png */; };
		FAA8ECAF13C66A5C00D4B4FC /* arial.fnt in Resources */ = {isa = PBXBuildFile; fileRef = FAA8ECAD13C66A5C00D4B4FC /* arial.fnt */; };
		FAB144781214867E004DF07F /* test.c in Sources */ = {isa = PBXBuildFile; fileRef = FAB144741214867E004DF07F /* test.c */; };
		FAB144791214867E004DF07F /* test_tiger.c in Sources */ = {isa = PBXBuildFile; fileRef = FAB144761214867E004DF07F /* test_tiger.c */; };
		FAB1447A1214867E004DF07F /* test_tiger_paths.c in Sources */ = {isa = PBXBuildFile; fileRef = FAB144771214867E004DF07F /* test_tiger_paths.c */; };
		FACFEDD613BAC4260045C681 /* zero.png in Resources */ = {isa = PBXBuildFile; fileRef = FACFEDD513BAC4260045C681 /* zero.png */; };
		FACFEDDA13BAC5A70045C681 /* CoreGraphics.framework in Frameworks */ = {isa = PBXBuildFile; fileRef = FACFEDD913BAC5A70045C681 /* CoreGraphics.framework */; };
		FAE2830D121A09A800823BCB /* libMonkVG_iOS_OpenGL.a in Frameworks */ = {isa = PBXBuildFile; fileRef = FAE28309121A095500823BCB /* libMonkVG_iOS_OpenGL.a */; };
		FAE283A7121AFFF600823BCB /* circle_poly.svg in Resources */ = {isa = PBXBuildFile; fileRef = FAE283A6121AFFF600823BCB /* circle_poly.svg */; };
/* End PBXBuildFile section */

/* Begin PBXContainerItemProxy section */
		FAE28308121A095500823BCB /* PBXContainerItemProxy */ = {
			isa = PBXContainerItemProxy;
			containerPortal = FAE28301121A095500823BCB /* MonkVG-iOS.xcodeproj */;
			proxyType = 2;
			remoteGlobalIDString = FAE282E9121A08BB00823BCB;
			remoteInfo = "MonkVG-iOS-OpenGL";
		};
		FAE2830A121A095E00823BCB /* PBXContainerItemProxy */ = {
			isa = PBXContainerItemProxy;
			containerPortal = FAE28301121A095500823BCB /* MonkVG-iOS.xcodeproj */;
			proxyType = 1;
			remoteGlobalIDString = FAE282A8121A08BB00823BCB;
			remoteInfo = "MonkVG-iOS-OpenGL";
		};
/* End PBXContainerItemProxy section */

/* Begin PBXFileReference section */
		1D30AB110D05D00D00671497 /* Foundation.framework */ = {isa = PBXFileReference; lastKnownFileType = wrapper.framework; name = Foundation.framework; path = System/Library/Frameworks/Foundation.framework; sourceTree = SDKROOT; };
		1D3623240D0F684500981E51 /* MonkVG_Test_iOS_OpenGLAppDelegate.h */ = {isa = PBXFileReference; fileEncoding = 4; lastKnownFileType = sourcecode.c.h; path = MonkVG_Test_iOS_OpenGLAppDelegate.h; sourceTree = "<group>"; };
		1D3623250D0F684500981E51 /* MonkVG_Test_iOS_OpenGLAppDelegate.m */ = {isa = PBXFileReference; fileEncoding = 4; lastKnownFileType = sourcecode.c.objc; path = MonkVG_Test_iOS_OpenGLAppDelegate.m; sourceTree = "<group>"; };
		1D6058910D05DD3D006BFB54 /* MonkVG-Test-iOS-OpenGL.app */ = {isa = PBXFileReference; explicitFileType = wrapper.application; includeInIndex = 0; path = "MonkVG-Test-iOS-OpenGL.app"; sourceTree = BUILT_PRODUCTS_DIR; };
		1DF5F4DF0D08C38300B7A737 /* UIKit.framework */ = {isa = PBXFileReference; lastKnownFileType = wrapper.framework; name = UIKit.framework; path = System/Library/Frameworks/UIKit.framework; sourceTree = SDKROOT; };
		2514C26D10084DB100A42282 /* ES1Renderer.h */ = {isa = PBXFileReference; fileEncoding = 4; lastKnownFileType = sourcecode.c.h; path = ES1Renderer.h; sourceTree = "<group>"; };
		2514C26E10084DB100A42282 /* ES1Renderer.mm */ = {isa = PBXFileReference; fileEncoding = 4; lastKnownFileType = sourcecode.cpp.objcpp; path = ES1Renderer.mm; sourceTree = "<group>"; };
		2514C26F10084DB100A42282 /* ES2Renderer.h */ = {isa = PBXFileReference; fileEncoding = 4; lastKnownFileType = sourcecode.c.h; path = ES2Renderer.h; sourceTree = "<group>"; };
		2514C27010084DB100A42282 /* ES2Renderer.m */ = {isa = PBXFileReference; fileEncoding = 4; lastKnownFileType = sourcecode.c.objc; path = ES2Renderer.m; sourceTree = "<group>"; };
		2514C27110084DB100A42282 /* ESRenderer.h */ = {isa = PBXFileReference; fileEncoding = 4; lastKnownFileType = sourcecode.c.h; path = ESRenderer.h; sourceTree = "<group>"; };
		2514C27910084DCA00A42282 /* Shader.fsh */ = {isa = PBXFileReference; fileEncoding = 4; lastKnownFileType = sourcecode.glsl; name = Shader.fsh; path = Shaders/Shader.fsh; sourceTree = "<group>"; };
		2514C27A10084DCA00A42282 /* Shader.vsh */ = {isa = PBXFileReference; fileEncoding = 4; lastKnownFileType = sourcecode.glsl; name = Shader.vsh; path = Shaders/Shader.vsh; sourceTree = "<group>"; };
		28AD733E0D9D9553002E5188 /* MainWindow.xib */ = {isa = PBXFileReference; lastKnownFileType = file.xib; path = MainWindow.xib; sourceTree = "<group>"; };
		28FD14FC0DC6FC130079059D /* EAGLView.h */ = {isa = PBXFileReference; fileEncoding = 4; lastKnownFileType = sourcecode.c.h; path = EAGLView.h; sourceTree = "<group>"; };
		28FD14FD0DC6FC130079059D /* EAGLView.m */ = {isa = PBXFileReference; fileEncoding = 4; lastKnownFileType = sourcecode.c.objc; path = EAGLView.m; sourceTree = "<group>"; };
		28FD14FF0DC6FC520079059D /* OpenGLES.framework */ = {isa = PBXFileReference; lastKnownFileType = wrapper.framework; name = OpenGLES.framework; path = System/Library/Frameworks/OpenGLES.framework; sourceTree = SDKROOT; };
		28FD15070DC6FC5B0079059D /* QuartzCore.framework */ = {isa = PBXFileReference; lastKnownFileType = wrapper.framework; name = QuartzCore.framework; path = System/Library/Frameworks/QuartzCore.framework; sourceTree = SDKROOT; };
		29B97316FDCFA39411CA2CEA /* main.m */ = {isa = PBXFileReference; fileEncoding = 4; lastKnownFileType = sourcecode.c.objc; path = main.m; sourceTree = "<group>"; };
		32CA4F630368D1EE00C91783 /* MonkVG_Test_iOS_OpenGL_Prefix.pch */ = {isa = PBXFileReference; fileEncoding = 4; lastKnownFileType = sourcecode.c.h; path = MonkVG_Test_iOS_OpenGL_Prefix.pch; sourceTree = "<group>"; };
		8D1107310486CEB800E47090 /* MonkVG_Test_iOS_OpenGL-Info.plist */ = {isa = PBXFileReference; fileEncoding = 4; lastKnownFileType = text.plist.xml; path = "MonkVG_Test_iOS_OpenGL-Info.plist"; plistStructureDefinitionIdentifier = "com.apple.xcode.plist.structure-definition.iphone.info-plist"; sourceTree = "<group>"; };
		FA08A7AD1228420A00F0EB21 /* square.svg */ = {isa = PBXFileReference; fileEncoding = 4; lastKnownFileType = text.xml; path = square.svg; sourceTree = "<group>"; };
		FA9B04E313BACA2D0048E1C0 /* delorean.png */ = {isa = PBXFileReference; lastKnownFileType = image.png; path = delorean.png; sourceTree = "<group>"; };
		FAA5DB9C13BCECC200326F9D /* testfont.png */ = {isa = PBXFileReference; lastKnownFileType = image.png; path = testfont.png; sourceTree = "<group>"; };
		FAA5DB9F13BCEF5300326F9D /* MainWindow-iPad.xib */ = {isa = PBXFileReference; lastKnownFileType = file.xib; name = "MainWindow-iPad.xib"; path = "iPad/MainWindow-iPad.xib"; sourceTree = "<group>"; };
		FAA5DBA113BCF40F00326F9D /* testfont.fnt */ = {isa = PBXFileReference; fileEncoding = 4; lastKnownFileType = text; path = testfont.fnt; sourceTree = "<group>"; };
		FAA8ECAC13C66A5C00D4B4FC /* arial.png */ = {isa = PBXFileReference; lastKnownFileType = image.png; path = arial.png; sourceTree = "<group>"; };
		FAA8ECAD13C66A5C00D4B4FC /* arial.fnt */ = {isa = PBXFileReference; fileEncoding = 4; lastKnownFileType = text; path = arial.fnt; sourceTree = "<group>"; };
		FAB144741214867E004DF07F /* test.c */ = {isa = PBXFileReference; fileEncoding = 4; lastKnownFileType = sourcecode.c.c; path = test.c; sourceTree = "<group>"; };
		FAB144751214867E004DF07F /* test.h */ = {isa = PBXFileReference; fileEncoding = 4; lastKnownFileType = sourcecode.c.h; path = test.h; sourceTree = "<group>"; };
		FAB144761214867E004DF07F /* test_tiger.c */ = {isa = PBXFileReference; fileEncoding = 4; lastKnownFileType = sourcecode.c.c; path = test_tiger.c; sourceTree = "<group>"; };
		FAB144771214867E004DF07F /* test_tiger_paths.c */ = {isa = PBXFileReference; fileEncoding = 4; lastKnownFileType = sourcecode.c.c; path = test_tiger_paths.c; sourceTree = "<group>"; };
		FACFEDD513BAC4260045C681 /* zero.png */ = {isa = PBXFileReference; lastKnownFileType = image.png; path = zero.png; sourceTree = "<group>"; };
		FACFEDD913BAC5A70045C681 /* CoreGraphics.framework */ = {isa = PBXFileReference; lastKnownFileType = wrapper.framework; name = CoreGraphics.framework; path = System/Library/Frameworks/CoreGraphics.framework; sourceTree = SDKROOT; };
		FAE28301121A095500823BCB /* MonkVG-iOS.xcodeproj */ = {isa = PBXFileReference; lastKnownFileType = "wrapper.pb-project"; name = "MonkVG-iOS.xcodeproj"; path = "../MonkVG-iOS/MonkVG-iOS.xcodeproj"; sourceTree = SOURCE_ROOT; };
		FAE283A6121AFFF600823BCB /* circle_poly.svg */ = {isa = PBXFileReference; fileEncoding = 4; lastKnownFileType = text.xml; path = circle_poly.svg; sourceTree = "<group>"; };
/* End PBXFileReference section */

/* Begin PBXFrameworksBuildPhase section */
		1D60588F0D05DD3D006BFB54 /* Frameworks */ = {
			isa = PBXFrameworksBuildPhase;
			buildActionMask = 2147483647;
			files = (
				FACFEDDA13BAC5A70045C681 /* CoreGraphics.framework in Frameworks */,
				FAE2830D121A09A800823BCB /* libMonkVG_iOS_OpenGL.a in Frameworks */,
				1D60589F0D05DD5A006BFB54 /* Foundation.framework in Frameworks */,
				1DF5F4E00D08C38300B7A737 /* UIKit.framework in Frameworks */,
				28FD15000DC6FC520079059D /* OpenGLES.framework in Frameworks */,
				28FD15080DC6FC5B0079059D /* QuartzCore.framework in Frameworks */,
			);
			runOnlyForDeploymentPostprocessing = 0;
		};
/* End PBXFrameworksBuildPhase section */

/* Begin PBXGroup section */
		080E96DDFE201D6D7F000001 /* Classes */ = {
			isa = PBXGroup;
			children = (
				2514C26D10084DB100A42282 /* ES1Renderer.h */,
				2514C26E10084DB100A42282 /* ES1Renderer.mm */,
				2514C26F10084DB100A42282 /* ES2Renderer.h */,
				2514C27010084DB100A42282 /* ES2Renderer.m */,
				2514C27110084DB100A42282 /* ESRenderer.h */,
				28FD14FC0DC6FC130079059D /* EAGLView.h */,
				28FD14FD0DC6FC130079059D /* EAGLView.m */,
				1D3623240D0F684500981E51 /* MonkVG_Test_iOS_OpenGLAppDelegate.h */,
				1D3623250D0F684500981E51 /* MonkVG_Test_iOS_OpenGLAppDelegate.m */,
			);
			path = Classes;
			sourceTree = "<group>";
		};
		19C28FACFE9D520D11CA2CBB /* Products */ = {
			isa = PBXGroup;
			children = (
				1D6058910D05DD3D006BFB54 /* MonkVG-Test-iOS-OpenGL.app */,
			);
			name = Products;
			sourceTree = "<group>";
		};
		2514C27610084DB600A42282 /* Shaders */ = {
			isa = PBXGroup;
			children = (
				2514C27910084DCA00A42282 /* Shader.fsh */,
				2514C27A10084DCA00A42282 /* Shader.vsh */,
			);
			name = Shaders;
			sourceTree = "<group>";
		};
		29B97314FDCFA39411CA2CEA /* CustomTemplate */ = {
			isa = PBXGroup;
			children = (
				FACFEDD913BAC5A70045C681 /* CoreGraphics.framework */,
				FAE28301121A095500823BCB /* MonkVG-iOS.xcodeproj */,
				FAB144731214867E004DF07F /* tiger */,
				080E96DDFE201D6D7F000001 /* Classes */,
				2514C27610084DB600A42282 /* Shaders */,
				29B97315FDCFA39411CA2CEA /* Other Sources */,
				29B97317FDCFA39411CA2CEA /* Resources */,
				FAA5DB9E13BCEF5100326F9D /* iPad */,
				29B97323FDCFA39411CA2CEA /* Frameworks */,
				19C28FACFE9D520D11CA2CBB /* Products */,
			);
			name = CustomTemplate;
			sourceTree = "<group>";
		};
		29B97315FDCFA39411CA2CEA /* Other Sources */ = {
			isa = PBXGroup;
			children = (
				32CA4F630368D1EE00C91783 /* MonkVG_Test_iOS_OpenGL_Prefix.pch */,
				29B97316FDCFA39411CA2CEA /* main.m */,
			);
			name = "Other Sources";
			sourceTree = "<group>";
		};
		29B97317FDCFA39411CA2CEA /* Resources */ = {
			isa = PBXGroup;
			children = (
				FAA8ECAC13C66A5C00D4B4FC /* arial.png */,
				FAA8ECAD13C66A5C00D4B4FC /* arial.fnt */,
				FAA5DBA113BCF40F00326F9D /* testfont.fnt */,
				FAA5DB9C13BCECC200326F9D /* testfont.png */,
				FA9B04E313BACA2D0048E1C0 /* delorean.png */,
				FACFEDD513BAC4260045C681 /* zero.png */,
				FA08A7AD1228420A00F0EB21 /* square.svg */,
				FAE283A6121AFFF600823BCB /* circle_poly.svg */,
				28AD733E0D9D9553002E5188 /* MainWindow.xib */,
				8D1107310486CEB800E47090 /* MonkVG_Test_iOS_OpenGL-Info.plist */,
			);
			name = Resources;
			sourceTree = "<group>";
		};
		29B97323FDCFA39411CA2CEA /* Frameworks */ = {
			isa = PBXGroup;
			children = (
				28FD15070DC6FC5B0079059D /* QuartzCore.framework */,
				28FD14FF0DC6FC520079059D /* OpenGLES.framework */,
				1DF5F4DF0D08C38300B7A737 /* UIKit.framework */,
				1D30AB110D05D00D00671497 /* Foundation.framework */,
			);
			name = Frameworks;
			sourceTree = "<group>";
		};
		FAA5DB9E13BCEF5100326F9D /* iPad */ = {
			isa = PBXGroup;
			children = (
				FAA5DB9F13BCEF5300326F9D /* MainWindow-iPad.xib */,
			);
			name = iPad;
			sourceTree = "<group>";
		};
		FAB144731214867E004DF07F /* tiger */ = {
			isa = PBXGroup;
			children = (
				FAB144741214867E004DF07F /* test.c */,
				FAB144751214867E004DF07F /* test.h */,
				FAB144761214867E004DF07F /* test_tiger.c */,
				FAB144771214867E004DF07F /* test_tiger_paths.c */,
			);
			path = tiger;
			sourceTree = "<group>";
		};
		FAE28302121A095500823BCB /* Products */ = {
			isa = PBXGroup;
			children = (
				FAE28309121A095500823BCB /* libMonkVG_iOS_OpenGL.a */,
			);
			name = Products;
			sourceTree = "<group>";
		};
/* End PBXGroup section */

/* Begin PBXNativeTarget section */
		1D6058900D05DD3D006BFB54 /* MonkVG-Test-iOS-OpenGL */ = {
			isa = PBXNativeTarget;
			buildConfigurationList = 1D6058960D05DD3E006BFB54 /* Build configuration list for PBXNativeTarget "MonkVG-Test-iOS-OpenGL" */;
			buildPhases = (
				1D60588D0D05DD3D006BFB54 /* Resources */,
				1D60588E0D05DD3D006BFB54 /* Sources */,
				1D60588F0D05DD3D006BFB54 /* Frameworks */,
			);
			buildRules = (
			);
			dependencies = (
				FAE2830B121A095E00823BCB /* PBXTargetDependency */,
			);
			name = "MonkVG-Test-iOS-OpenGL";
			productName = "MonkVG-Test-iOS-OpenGL";
			productReference = 1D6058910D05DD3D006BFB54 /* MonkVG-Test-iOS-OpenGL.app */;
			productType = "com.apple.product-type.application";
		};
/* End PBXNativeTarget section */

/* Begin PBXProject section */
		29B97313FDCFA39411CA2CEA /* Project object */ = {
			isa = PBXProject;
			buildConfigurationList = C01FCF4E08A954540054247B /* Build configuration list for PBXProject "MonkVG-Test-iOS-OpenGL" */;
			compatibilityVersion = "Xcode 3.1";
			developmentRegion = English;
			hasScannedForEncodings = 1;
			knownRegions = (
				English,
				Japanese,
				French,
				German,
			);
			mainGroup = 29B97314FDCFA39411CA2CEA /* CustomTemplate */;
			projectDirPath = "";
			projectReferences = (
				{
					ProductGroup = FAE28302121A095500823BCB /* Products */;
					ProjectRef = FAE28301121A095500823BCB /* MonkVG-iOS.xcodeproj */;
				},
			);
			projectRoot = "";
			targets = (
				1D6058900D05DD3D006BFB54 /* MonkVG-Test-iOS-OpenGL */,
			);
		};
/* End PBXProject section */

/* Begin PBXReferenceProxy section */
		FAE28309121A095500823BCB /* libMonkVG_iOS_OpenGL.a */ = {
			isa = PBXReferenceProxy;
			fileType = archive.ar;
			path = libMonkVG_iOS_OpenGL.a;
			remoteRef = FAE28308121A095500823BCB /* PBXContainerItemProxy */;
			sourceTree = BUILT_PRODUCTS_DIR;
		};
/* End PBXReferenceProxy section */

/* Begin PBXResourcesBuildPhase section */
		1D60588D0D05DD3D006BFB54 /* Resources */ = {
			isa = PBXResourcesBuildPhase;
			buildActionMask = 2147483647;
			files = (
				2514C27B10084DCA00A42282 /* Shader.fsh in Resources */,
				2514C27C10084DCA00A42282 /* Shader.vsh in Resources */,
				28AD733F0D9D9553002E5188 /* MainWindow.xib in Resources */,
				FAE283A7121AFFF600823BCB /* circle_poly.svg in Resources */,
				FA08A7AE1228420A00F0EB21 /* square.svg in Resources */,
				FACFEDD613BAC4260045C681 /* zero.png in Resources */,
				FA9B04E413BACA2D0048E1C0 /* delorean.png in Resources */,
				FAA5DB9D13BCECC200326F9D /* testfont.png in Resources */,
				FAA5DBA013BCEF5300326F9D /* MainWindow-iPad.xib in Resources */,
				FAA5DBA213BCF40F00326F9D /* testfont.fnt in Resources */,
				FAA8ECAE13C66A5C00D4B4FC /* arial.png in Resources */,
				FAA8ECAF13C66A5C00D4B4FC /* arial.fnt in Resources */,
			);
			runOnlyForDeploymentPostprocessing = 0;
		};
/* End PBXResourcesBuildPhase section */

/* Begin PBXSourcesBuildPhase section */
		1D60588E0D05DD3D006BFB54 /* Sources */ = {
			isa = PBXSourcesBuildPhase;
			buildActionMask = 2147483647;
			files = (
				1D60589B0D05DD56006BFB54 /* main.m in Sources */,
				1D3623260D0F684500981E51 /* MonkVG_Test_iOS_OpenGLAppDelegate.m in Sources */,
				28FD14FE0DC6FC130079059D /* EAGLView.m in Sources */,
				2514C27210084DB100A42282 /* ES1Renderer.mm in Sources */,
				2514C27310084DB100A42282 /* ES2Renderer.m in Sources */,
				FAB144781214867E004DF07F /* test.c in Sources */,
				FAB144791214867E004DF07F /* test_tiger.c in Sources */,
				FAB1447A1214867E004DF07F /* test_tiger_paths.c in Sources */,
			);
			runOnlyForDeploymentPostprocessing = 0;
		};
/* End PBXSourcesBuildPhase section */

/* Begin PBXTargetDependency section */
		FAE2830B121A095E00823BCB /* PBXTargetDependency */ = {
			isa = PBXTargetDependency;
			name = "MonkVG-iOS-OpenGL";
			targetProxy = FAE2830A121A095E00823BCB /* PBXContainerItemProxy */;
		};
/* End PBXTargetDependency section */

/* Begin XCBuildConfiguration section */
		1D6058940D05DD3E006BFB54 /* Debug */ = {
			isa = XCBuildConfiguration;
			buildSettings = {
				ALWAYS_SEARCH_USER_PATHS = NO;
				COPY_PHASE_STRIP = NO;
				GCC_DYNAMIC_NO_PIC = NO;
				GCC_INPUT_FILETYPE = automatic;
				GCC_OPTIMIZATION_LEVEL = 0;
				GCC_PRECOMPILE_PREFIX_HEADER = YES;
				GCC_PREFIX_HEADER = MonkVG_Test_iOS_OpenGL_Prefix.pch;
				"GCC_THUMB_SUPPORT[arch=armv6]" = "";
				HEADER_SEARCH_PATHS = (
					../../../MonkSVG/src,
					../../../MonkVG/include,
				);
				INFOPLIST_FILE = "MonkVG_Test_iOS_OpenGL-Info.plist";
				IPHONEOS_DEPLOYMENT_TARGET = 4.3;
				LIBRARY_SEARCH_PATHS = "$(inherited)";
				PRODUCT_NAME = "MonkVG-Test-iOS-OpenGL";
				SDKROOT = iphoneos;
				TARGETED_DEVICE_FAMILY = "1,2";
			};
			name = Debug;
		};
		1D6058950D05DD3E006BFB54 /* Release */ = {
			isa = XCBuildConfiguration;
			buildSettings = {
				ALWAYS_SEARCH_USER_PATHS = NO;
				COPY_PHASE_STRIP = YES;
				GCC_INPUT_FILETYPE = automatic;
				GCC_PRECOMPILE_PREFIX_HEADER = YES;
				GCC_PREFIX_HEADER = MonkVG_Test_iOS_OpenGL_Prefix.pch;
				"GCC_THUMB_SUPPORT[arch=armv6]" = "";
				HEADER_SEARCH_PATHS = ../../../MonkVG/include;
				INFOPLIST_FILE = "MonkVG_Test_iOS_OpenGL-Info.plist";
				IPHONEOS_DEPLOYMENT_TARGET = 4.3;
				LIBRARY_SEARCH_PATHS = "$(inherited)";
				PRODUCT_NAME = "MonkVG-Test-iOS-OpenGL";
				SDKROOT = iphoneos;
				TARGETED_DEVICE_FAMILY = "1,2";
				VALIDATE_PRODUCT = YES;
			};
			name = Release;
		};
		C01FCF4F08A954540054247B /* Debug */ = {
			isa = XCBuildConfiguration;
			buildSettings = {
				ARCHS = "$(ARCHS_STANDARD_32_BIT)";
				"CODE_SIGN_IDENTITY[sdk=iphoneos*]" = "iPhone Developer";
				GCC_C_LANGUAGE_STANDARD = c99;
				GCC_PREPROCESSOR_DEFINITIONS = DEBUG;
				GCC_WARN_ABOUT_RETURN_TYPE = YES;
				GCC_WARN_UNUSED_VARIABLE = YES;
				PREBINDING = NO;
				SDKROOT = iphoneos4.0;
			};
			name = Debug;
		};
		C01FCF5008A954540054247B /* Release */ = {
			isa = XCBuildConfiguration;
			buildSettings = {
				ARCHS = "$(ARCHS_STANDARD_32_BIT)";
				"CODE_SIGN_IDENTITY[sdk=iphoneos*]" = "iPhone Developer";
				GCC_C_LANGUAGE_STANDARD = c99;
				GCC_WARN_ABOUT_RETURN_TYPE = YES;
				GCC_WARN_UNUSED_VARIABLE = YES;
				OTHER_CFLAGS = "-DNS_BLOCK_ASSERTIONS=1";
				PREBINDING = NO;
				SDKROOT = iphoneos4.0;
			};
			name = Release;
		};
/* End XCBuildConfiguration section */

/* Begin XCConfigurationList section */
		1D6058960D05DD3E006BFB54 /* Build configuration list for PBXNativeTarget "MonkVG-Test-iOS-OpenGL" */ = {
			isa = XCConfigurationList;
			buildConfigurations = (
				1D6058940D05DD3E006BFB54 /* Debug */,
				1D6058950D05DD3E006BFB54 /* Release */,
			);
			defaultConfigurationIsVisible = 0;
			defaultConfigurationName = Release;
		};
		C01FCF4E08A954540054247B /* Build configuration list for PBXProject "MonkVG-Test-iOS-OpenGL" */ = {
			isa = XCConfigurationList;
			buildConfigurations = (
				C01FCF4F08A954540054247B /* Debug */,
				C01FCF5008A954540054247B /* Release */,
			);
			defaultConfigurationIsVisible = 0;
			defaultConfigurationName = Release;
		};
/* End XCConfigurationList section */
	};
	rootObject = 29B97313FDCFA39411CA2CEA /* Project object */;
}
